PODS:
  - AUTTheming (0.0.1):
    - AUTTheming/ValueTransformers (= 0.0.1)
    - libextobjc/RuntimeExtensions (~> 0.4.0)
  - AUTTheming/ValueTransformers (0.0.1):
    - libextobjc/RuntimeExtensions (~> 0.4.0)
    - UIColor-HTMLColors (= 1.0.0)
  - GBCli (1.1)
  - libextobjc/RuntimeExtensions (0.4.1)
  - Masonry (0.6.1)
  - UIColor-HTMLColors (1.0.0)

DEPENDENCIES:
  - AUTTheming (from `./`)
  - GBCli
  - Masonry

EXTERNAL SOURCES:
  AUTTheming:
    :path: ./

SPEC CHECKSUMS:
  AUTTheming: 52a5cfbbc4e5952b2ff11d455cae701d18d0e0e4
  GBCli: 304718a0ff52cb39ea7ae1bcb3c4cb40c5a48c8d
  libextobjc: d6146fce3ebea986b7f75fcb4c967639200b88b0
  Masonry: 2cb49fd14d203d2db5ca6bb017135b235dde9980
  UIColor-HTMLColors: fbf3e9648f1e699aa4cdb39d0cf348b7ef814be5

COCOAPODS: 0.36.0.rc.1
