// !$*UTF8*$!
{
	archiveVersion = 1;
	classes = {
	};
	objectVersion = 46;
	objects = {

/* Begin PBXBuildFile section */
		3A01C5B71AD06A0F00AA479F /* AUTScreenBrightnessThemeApplier.h in Headers */ = {isa = PBXBuildFile; fileRef = 3A01C5B51AD06A0F00AA479F /* AUTScreenBrightnessThemeApplier.h */; settings = {ATTRIBUTES = (Public, ); }; };
		3A01C5B81AD06A0F00AA479F /* AUTScreenBrightnessThemeApplier.m in Sources */ = {isa = PBXBuildFile; fileRef = 3A01C5B61AD06A0F00AA479F /* AUTScreenBrightnessThemeApplier.m */; };
		3A179D8F1AC9483900BD598C /* AUTThemeClassApplicable.m in Sources */ = {isa = PBXBuildFile; fileRef = 3AA796481AC919FB00FD4320 /* AUTThemeClassApplicable.m */; };
		3A179D901AC9483900BD598C /* NSURL+ThemeNaming.m in Sources */ = {isa = PBXBuildFile; fileRef = 3AA796291AC919F300FD4320 /* NSURL+ThemeNaming.m */; };
		3A179D911AC9483900BD598C /* NSObject+ThemeClassAppliers.m in Sources */ = {isa = PBXBuildFile; fileRef = 3AA796201AC919F300FD4320 /* NSObject+ThemeClassAppliers.m */; };
		3A179D931AC9483900BD598C /* AUTTheme.m in Sources */ = {isa = PBXBuildFile; fileRef = 3AA796431AC919FB00FD4320 /* AUTTheme.m */; };
		3A179D941AC9483900BD598C /* AUTThemeClass.m in Sources */ = {isa = PBXBuildFile; fileRef = 3AA796461AC919FB00FD4320 /* AUTThemeClass.m */; };
		3A179D951AC9483900BD598C /* AUTDynamicThemeApplier.m in Sources */ = {isa = PBXBuildFile; fileRef = 3AA7963E1AC919FB00FD4320 /* AUTDynamicThemeApplier.m */; };
		3A179D971AC9483900BD598C /* NSValueTransformer+TypeFiltering.m in Sources */ = {isa = PBXBuildFile; fileRef = 3AA7962B1AC919F300FD4320 /* NSValueTransformer+TypeFiltering.m */; };
		3A179D981AC9483900BD598C /* AUTRuntimeExtensions.m in Sources */ = {isa = PBXBuildFile; fileRef = 3AA7969E1AC9290100FD4320 /* AUTRuntimeExtensions.m */; };
		3A179D991AC9483900BD598C /* NSString+ThemeSymbols.m in Sources */ = {isa = PBXBuildFile; fileRef = 3AA796251AC919F300FD4320 /* NSString+ThemeSymbols.m */; };
		3A179D9B1AC9483900BD598C /* AUTThemeConstant.m in Sources */ = {isa = PBXBuildFile; fileRef = 3AA7964B1AC919FB00FD4320 /* AUTThemeConstant.m */; };
		3A179D9C1AC9483900BD598C /* NSURL+LastPathComponentWithoutExtension.m in Sources */ = {isa = PBXBuildFile; fileRef = 3AA796271AC919F300FD4320 /* NSURL+LastPathComponentWithoutExtension.m */; };
		3A179DA01AC9483900BD598C /* NSDictionary+IntersectingKeys.m in Sources */ = {isa = PBXBuildFile; fileRef = 3AA7961E1AC919F300FD4320 /* NSDictionary+IntersectingKeys.m */; };
		3A179DA21AC9483900BD598C /* NSObject+ThemeClassName.m in Sources */ = {isa = PBXBuildFile; fileRef = 3AA796231AC919F300FD4320 /* NSObject+ThemeClassName.m */; };
		3A179DA51AC9483900BD598C /* AUTReverseTransformedValueClass.h in Headers */ = {isa = PBXBuildFile; fileRef = 3AA796401AC919FB00FD4320 /* AUTReverseTransformedValueClass.h */; settings = {ATTRIBUTES = (Public, ); }; };
		3A179DA61AC9483900BD598C /* AUTTheme.h in Headers */ = {isa = PBXBuildFile; fileRef = 3AA796421AC919FB00FD4320 /* AUTTheme.h */; settings = {ATTRIBUTES = (Public, ); }; };
		3A179DA71AC9483900BD598C /* AUTTheming.h in Headers */ = {isa = PBXBuildFile; fileRef = 3AA7964F1AC919FB00FD4320 /* AUTTheming.h */; settings = {ATTRIBUTES = (Public, ); }; };
		3A179DA81AC9483900BD598C /* NSObject+ThemeClassName.h in Headers */ = {isa = PBXBuildFile; fileRef = 3AA796221AC919F300FD4320 /* NSObject+ThemeClassName.h */; settings = {ATTRIBUTES = (Public, ); }; };
		3A179DA91AC9483900BD598C /* NSURL+LastPathComponentWithoutExtension.h in Headers */ = {isa = PBXBuildFile; fileRef = 3AA796261AC919F300FD4320 /* NSURL+LastPathComponentWithoutExtension.h */; settings = {ATTRIBUTES = (Private, ); }; };
		3A179DAA1AC9483900BD598C /* NSValueTransformer+TypeFiltering.h in Headers */ = {isa = PBXBuildFile; fileRef = 3AA7962A1AC919F300FD4320 /* NSValueTransformer+TypeFiltering.h */; settings = {ATTRIBUTES = (Private, ); }; };
		3A179DAB1AC9483900BD598C /* AUTDynamicThemeApplier.h in Headers */ = {isa = PBXBuildFile; fileRef = 3AA7963D1AC919FB00FD4320 /* AUTDynamicThemeApplier.h */; settings = {ATTRIBUTES = (Public, ); }; };
		3A179DAC1AC9483900BD598C /* NSURL+ThemeNaming.h in Headers */ = {isa = PBXBuildFile; fileRef = 3AA796281AC919F300FD4320 /* NSURL+ThemeNaming.h */; settings = {ATTRIBUTES = (Private, ); }; };
		3A179DAD1AC9483900BD598C /* AUTThemeConstant_Private.h in Headers */ = {isa = PBXBuildFile; fileRef = 3AA796491AC919FB00FD4320 /* AUTThemeConstant_Private.h */; settings = {ATTRIBUTES = (Private, ); }; };
		3A179DAF1AC9483900BD598C /* AUTObjCTypeValueTransformer.h in Headers */ = {isa = PBXBuildFile; fileRef = 3AA7963F1AC919FB00FD4320 /* AUTObjCTypeValueTransformer.h */; settings = {ATTRIBUTES = (Public, ); }; };
		3A179DB01AC9483900BD598C /* AUTTheme_Private.h in Headers */ = {isa = PBXBuildFile; fileRef = 3AA796411AC919FB00FD4320 /* AUTTheme_Private.h */; settings = {ATTRIBUTES = (Private, ); }; };
		3A179DB11AC9483900BD598C /* NSDictionary+IntersectingKeys.h in Headers */ = {isa = PBXBuildFile; fileRef = 3AA7961D1AC919F300FD4320 /* NSDictionary+IntersectingKeys.h */; settings = {ATTRIBUTES = (Private, ); }; };
		3A179DB41AC9483900BD598C /* AUTThemeClass.h in Headers */ = {isa = PBXBuildFile; fileRef = 3AA796451AC919FB00FD4320 /* AUTThemeClass.h */; settings = {ATTRIBUTES = (Public, ); }; };
		3A179DB51AC9483900BD598C /* AUTThemeClass_Private.h in Headers */ = {isa = PBXBuildFile; fileRef = 3AA796441AC919FB00FD4320 /* AUTThemeClass_Private.h */; settings = {ATTRIBUTES = (Private, ); }; };
		3A179DB71AC9483900BD598C /* NSString+ThemeSymbols.h in Headers */ = {isa = PBXBuildFile; fileRef = 3AA796241AC919F300FD4320 /* NSString+ThemeSymbols.h */; settings = {ATTRIBUTES = (Private, ); }; };
		3A179DB81AC9483900BD598C /* AUTThemeClassApplicable.h in Headers */ = {isa = PBXBuildFile; fileRef = 3AA796471AC919FB00FD4320 /* AUTThemeClassApplicable.h */; settings = {ATTRIBUTES = (Public, ); }; };
		3A179DB91AC9483900BD598C /* AUTDynamicThemeApplier_Private.h in Headers */ = {isa = PBXBuildFile; fileRef = 3AA7963C1AC919FB00FD4320 /* AUTDynamicThemeApplier_Private.h */; settings = {ATTRIBUTES = (Private, ); }; };
		3A179DBB1AC9483900BD598C /* AUTBackwardsCompatableNullability.h in Headers */ = {isa = PBXBuildFile; fileRef = 3AA7963B1AC919FB00FD4320 /* AUTBackwardsCompatableNullability.h */; settings = {ATTRIBUTES = (Public, ); }; };
		3A179DBC1AC9483900BD598C /* AUTThemeHierarchy.h in Headers */ = {isa = PBXBuildFile; fileRef = 3AA7964C1AC919FB00FD4320 /* AUTThemeHierarchy.h */; settings = {ATTRIBUTES = (Private, ); }; };
		3A179DBE1AC9483900BD598C /* NSObject+ThemeClassAppliers.h in Headers */ = {isa = PBXBuildFile; fileRef = 3AA7961F1AC919F300FD4320 /* NSObject+ThemeClassAppliers.h */; settings = {ATTRIBUTES = (Public, ); }; };
		3A179DBF1AC9483900BD598C /* AUTRuntimeExtensions.h in Headers */ = {isa = PBXBuildFile; fileRef = 3AA7969D1AC9290100FD4320 /* AUTRuntimeExtensions.h */; settings = {ATTRIBUTES = (Private, ); }; };
		3A179DC01AC9483900BD598C /* NSObject+ThemeClassAppliersPrivate.h in Headers */ = {isa = PBXBuildFile; fileRef = 3AA796211AC919F300FD4320 /* NSObject+ThemeClassAppliersPrivate.h */; settings = {ATTRIBUTES = (Private, ); }; };
		3A179DC11AC9483900BD598C /* AUTThemeConstant.h in Headers */ = {isa = PBXBuildFile; fileRef = 3AA7964A1AC919FB00FD4320 /* AUTThemeConstant.h */; settings = {ATTRIBUTES = (Private, ); }; };
		3A179DCA1AC9491900BD598C /* AUTEdgeInsetsFromStringTransformer.h in Headers */ = {isa = PBXBuildFile; fileRef = 3AA796681AC91A0400FD4320 /* AUTEdgeInsetsFromStringTransformer.h */; settings = {ATTRIBUTES = (Public, ); }; };
		3A179DCB1AC9491900BD598C /* AUTEdgeInsetsFromStringTransformer.m in Sources */ = {isa = PBXBuildFile; fileRef = 3AA796691AC91A0400FD4320 /* AUTEdgeInsetsFromStringTransformer.m */; };
		3A406CC21AC9B87600615428 /* AUTDynamicThemeApplierTests.m in Sources */ = {isa = PBXBuildFile; fileRef = 3AA7967C1AC91D8400FD4320 /* AUTDynamicThemeApplierTests.m */; };
		3A406CC31AC9B87600615428 /* AUTThemeClassApplierTests.m in Sources */ = {isa = PBXBuildFile; fileRef = 3AA7967D1AC91D8400FD4320 /* AUTThemeClassApplierTests.m */; };
		3A406CC61AC9B87600615428 /* AUTThemeConstantEqualityTests.m in Sources */ = {isa = PBXBuildFile; fileRef = 3AA796811AC91D8400FD4320 /* AUTThemeConstantEqualityTests.m */; };
		3A406CC71AC9B87600615428 /* AUTThemeNameTests.m in Sources */ = {isa = PBXBuildFile; fileRef = 3AA796841AC91D8400FD4320 /* AUTThemeNameTests.m */; };
		3A406CC81AC9B87600615428 /* AUTThemeClassInheritanceTests.m in Sources */ = {isa = PBXBuildFile; fileRef = 3AA7967F1AC91D8400FD4320 /* AUTThemeClassInheritanceTests.m */; };
		3A406CC91AC9B87600615428 /* AUTThemeConstantTests.m in Sources */ = {isa = PBXBuildFile; fileRef = 3AA796821AC91D8400FD4320 /* AUTThemeConstantTests.m */; };
		3A406CCA1AC9B87600615428 /* AUTThemeClassTests.m in Sources */ = {isa = PBXBuildFile; fileRef = 3AA796801AC91D8400FD4320 /* AUTThemeClassTests.m */; };
		3A406CCB1AC9B87600615428 /* AUTThemeClassEqualityTests.m in Sources */ = {isa = PBXBuildFile; fileRef = 3AA7967E1AC91D8400FD4320 /* AUTThemeClassEqualityTests.m */; };
		3A406CCC1AC9B87600615428 /* AUTThemePropertiesApplierTests.m in Sources */ = {isa = PBXBuildFile; fileRef = 3AA796851AC91D8400FD4320 /* AUTThemePropertiesApplierTests.m */; };
		3A406CCD1AC9B87600615428 /* AUTThemeLoadingTests.m in Sources */ = {isa = PBXBuildFile; fileRef = 3AA796831AC91D8400FD4320 /* AUTThemeLoadingTests.m */; };
		3A406CD81AC9B87600615428 /* BasicTheme.json in Resources */ = {isa = PBXBuildFile; fileRef = 3AA796891AC91D8400FD4320 /* BasicTheme.json */; };
		3A406CDC1AC9B87600615428 /* InvalidJSONTheme.json in Resources */ = {isa = PBXBuildFile; fileRef = 3AA7968B1AC91D8400FD4320 /* InvalidJSONTheme.json */; };
		3A406CDE1AC9B87600615428 /* Basic.json in Resources */ = {isa = PBXBuildFile; fileRef = 3AA796881AC91D8400FD4320 /* Basic.json */; };
		3A406CE01AC9B87600615428 /* BasicThemeWithNoExtension in Resources */ = {isa = PBXBuildFile; fileRef = 3AA7968A1AC91D8400FD4320 /* BasicThemeWithNoExtension */; };
		3A406CED1AC9B9C300615428 /* AUTTheming.framework in Frameworks */ = {isa = PBXBuildFile; fileRef = 3A179DC71AC9483900BD598C /* AUTTheming.framework */; };
		3A555A2F1ACD035200726EC9 /* UIColor+HTMLColors.h in Headers */ = {isa = PBXBuildFile; fileRef = 3A555A2D1ACD035200726EC9 /* UIColor+HTMLColors.h */; };
		3A555A301ACD035200726EC9 /* UIColor+HTMLColors.m in Sources */ = {isa = PBXBuildFile; fileRef = 3A555A2E1ACD035200726EC9 /* UIColor+HTMLColors.m */; };
		3A79EC6C1AC9147E000CCC01 /* AUTTheming.framework in Frameworks */ = {isa = PBXBuildFile; fileRef = 3A79EC601AC9147E000CCC01 /* AUTTheming.framework */; };
		3AA7962C1AC919F300FD4320 /* NSDictionary+IntersectingKeys.h in Headers */ = {isa = PBXBuildFile; fileRef = 3AA7961D1AC919F300FD4320 /* NSDictionary+IntersectingKeys.h */; settings = {ATTRIBUTES = (Private, ); }; };
		3AA7962D1AC919F300FD4320 /* NSDictionary+IntersectingKeys.m in Sources */ = {isa = PBXBuildFile; fileRef = 3AA7961E1AC919F300FD4320 /* NSDictionary+IntersectingKeys.m */; };
		3AA7962E1AC919F300FD4320 /* NSObject+ThemeClassAppliers.h in Headers */ = {isa = PBXBuildFile; fileRef = 3AA7961F1AC919F300FD4320 /* NSObject+ThemeClassAppliers.h */; settings = {ATTRIBUTES = (Public, ); }; };
		3AA7962F1AC919F300FD4320 /* NSObject+ThemeClassAppliers.m in Sources */ = {isa = PBXBuildFile; fileRef = 3AA796201AC919F300FD4320 /* NSObject+ThemeClassAppliers.m */; };
		3AA796301AC919F300FD4320 /* NSObject+ThemeClassAppliersPrivate.h in Headers */ = {isa = PBXBuildFile; fileRef = 3AA796211AC919F300FD4320 /* NSObject+ThemeClassAppliersPrivate.h */; settings = {ATTRIBUTES = (Private, ); }; };
		3AA796311AC919F300FD4320 /* NSObject+ThemeClassName.h in Headers */ = {isa = PBXBuildFile; fileRef = 3AA796221AC919F300FD4320 /* NSObject+ThemeClassName.h */; settings = {ATTRIBUTES = (Public, ); }; };
		3AA796321AC919F300FD4320 /* NSObject+ThemeClassName.m in Sources */ = {isa = PBXBuildFile; fileRef = 3AA796231AC919F300FD4320 /* NSObject+ThemeClassName.m */; };
		3AA796331AC919F300FD4320 /* NSString+ThemeSymbols.h in Headers */ = {isa = PBXBuildFile; fileRef = 3AA796241AC919F300FD4320 /* NSString+ThemeSymbols.h */; settings = {ATTRIBUTES = (Private, ); }; };
		3AA796341AC919F300FD4320 /* NSString+ThemeSymbols.m in Sources */ = {isa = PBXBuildFile; fileRef = 3AA796251AC919F300FD4320 /* NSString+ThemeSymbols.m */; };
		3AA796351AC919F300FD4320 /* NSURL+LastPathComponentWithoutExtension.h in Headers */ = {isa = PBXBuildFile; fileRef = 3AA796261AC919F300FD4320 /* NSURL+LastPathComponentWithoutExtension.h */; settings = {ATTRIBUTES = (Private, ); }; };
		3AA796361AC919F300FD4320 /* NSURL+LastPathComponentWithoutExtension.m in Sources */ = {isa = PBXBuildFile; fileRef = 3AA796271AC919F300FD4320 /* NSURL+LastPathComponentWithoutExtension.m */; };
		3AA796371AC919F300FD4320 /* NSURL+ThemeNaming.h in Headers */ = {isa = PBXBuildFile; fileRef = 3AA796281AC919F300FD4320 /* NSURL+ThemeNaming.h */; settings = {ATTRIBUTES = (Private, ); }; };
		3AA796381AC919F300FD4320 /* NSURL+ThemeNaming.m in Sources */ = {isa = PBXBuildFile; fileRef = 3AA796291AC919F300FD4320 /* NSURL+ThemeNaming.m */; };
		3AA796391AC919F300FD4320 /* NSValueTransformer+TypeFiltering.h in Headers */ = {isa = PBXBuildFile; fileRef = 3AA7962A1AC919F300FD4320 /* NSValueTransformer+TypeFiltering.h */; settings = {ATTRIBUTES = (Private, ); }; };
		3AA7963A1AC919F300FD4320 /* NSValueTransformer+TypeFiltering.m in Sources */ = {isa = PBXBuildFile; fileRef = 3AA7962B1AC919F300FD4320 /* NSValueTransformer+TypeFiltering.m */; };
		3AA796501AC919FB00FD4320 /* AUTBackwardsCompatableNullability.h in Headers */ = {isa = PBXBuildFile; fileRef = 3AA7963B1AC919FB00FD4320 /* AUTBackwardsCompatableNullability.h */; settings = {ATTRIBUTES = (Public, ); }; };
		3AA796511AC919FB00FD4320 /* AUTDynamicThemeApplier_Private.h in Headers */ = {isa = PBXBuildFile; fileRef = 3AA7963C1AC919FB00FD4320 /* AUTDynamicThemeApplier_Private.h */; settings = {ATTRIBUTES = (Private, ); }; };
		3AA796521AC919FB00FD4320 /* AUTDynamicThemeApplier.h in Headers */ = {isa = PBXBuildFile; fileRef = 3AA7963D1AC919FB00FD4320 /* AUTDynamicThemeApplier.h */; settings = {ATTRIBUTES = (Public, ); }; };
		3AA796531AC919FB00FD4320 /* AUTDynamicThemeApplier.m in Sources */ = {isa = PBXBuildFile; fileRef = 3AA7963E1AC919FB00FD4320 /* AUTDynamicThemeApplier.m */; };
		3AA796541AC919FB00FD4320 /* AUTObjCTypeValueTransformer.h in Headers */ = {isa = PBXBuildFile; fileRef = 3AA7963F1AC919FB00FD4320 /* AUTObjCTypeValueTransformer.h */; settings = {ATTRIBUTES = (Public, ); }; };
		3AA796551AC919FB00FD4320 /* AUTReverseTransformedValueClass.h in Headers */ = {isa = PBXBuildFile; fileRef = 3AA796401AC919FB00FD4320 /* AUTReverseTransformedValueClass.h */; settings = {ATTRIBUTES = (Public, ); }; };
		3AA796561AC919FB00FD4320 /* AUTTheme_Private.h in Headers */ = {isa = PBXBuildFile; fileRef = 3AA796411AC919FB00FD4320 /* AUTTheme_Private.h */; settings = {ATTRIBUTES = (Private, ); }; };
		3AA796571AC919FB00FD4320 /* AUTTheme.h in Headers */ = {isa = PBXBuildFile; fileRef = 3AA796421AC919FB00FD4320 /* AUTTheme.h */; settings = {ATTRIBUTES = (Public, ); }; };
		3AA796581AC919FB00FD4320 /* AUTTheme.m in Sources */ = {isa = PBXBuildFile; fileRef = 3AA796431AC919FB00FD4320 /* AUTTheme.m */; };
		3AA796591AC919FB00FD4320 /* AUTThemeClass_Private.h in Headers */ = {isa = PBXBuildFile; fileRef = 3AA796441AC919FB00FD4320 /* AUTThemeClass_Private.h */; settings = {ATTRIBUTES = (Private, ); }; };
		3AA7965A1AC919FB00FD4320 /* AUTThemeClass.h in Headers */ = {isa = PBXBuildFile; fileRef = 3AA796451AC919FB00FD4320 /* AUTThemeClass.h */; settings = {ATTRIBUTES = (Public, ); }; };
		3AA7965B1AC919FB00FD4320 /* AUTThemeClass.m in Sources */ = {isa = PBXBuildFile; fileRef = 3AA796461AC919FB00FD4320 /* AUTThemeClass.m */; };
		3AA7965C1AC919FB00FD4320 /* AUTThemeClassApplicable.h in Headers */ = {isa = PBXBuildFile; fileRef = 3AA796471AC919FB00FD4320 /* AUTThemeClassApplicable.h */; settings = {ATTRIBUTES = (Public, ); }; };
		3AA7965D1AC919FB00FD4320 /* AUTThemeClassApplicable.m in Sources */ = {isa = PBXBuildFile; fileRef = 3AA796481AC919FB00FD4320 /* AUTThemeClassApplicable.m */; };
		3AA7965E1AC919FB00FD4320 /* AUTThemeConstant_Private.h in Headers */ = {isa = PBXBuildFile; fileRef = 3AA796491AC919FB00FD4320 /* AUTThemeConstant_Private.h */; settings = {ATTRIBUTES = (Private, ); }; };
		3AA7965F1AC919FB00FD4320 /* AUTThemeConstant.h in Headers */ = {isa = PBXBuildFile; fileRef = 3AA7964A1AC919FB00FD4320 /* AUTThemeConstant.h */; settings = {ATTRIBUTES = (Private, ); }; };
		3AA796601AC919FB00FD4320 /* AUTThemeConstant.m in Sources */ = {isa = PBXBuildFile; fileRef = 3AA7964B1AC919FB00FD4320 /* AUTThemeConstant.m */; };
		3AA796611AC919FB00FD4320 /* AUTThemeHierarchy.h in Headers */ = {isa = PBXBuildFile; fileRef = 3AA7964C1AC919FB00FD4320 /* AUTThemeHierarchy.h */; settings = {ATTRIBUTES = (Private, ); }; };
		3AA796641AC919FB00FD4320 /* AUTTheming.h in Headers */ = {isa = PBXBuildFile; fileRef = 3AA7964F1AC919FB00FD4320 /* AUTTheming.h */; settings = {ATTRIBUTES = (Public, ); }; };
		3AA796711AC91A0400FD4320 /* AUTColorFromStringTransformer.h in Headers */ = {isa = PBXBuildFile; fileRef = 3AA796661AC91A0400FD4320 /* AUTColorFromStringTransformer.h */; settings = {ATTRIBUTES = (Public, ); }; };
		3AA796721AC91A0400FD4320 /* AUTColorFromStringTransformer.m in Sources */ = {isa = PBXBuildFile; fileRef = 3AA796671AC91A0400FD4320 /* AUTColorFromStringTransformer.m */; };
		3AA796751AC91A0400FD4320 /* AUTPointFromStringTransformer.h in Headers */ = {isa = PBXBuildFile; fileRef = 3AA7966A1AC91A0400FD4320 /* AUTPointFromStringTransformer.h */; settings = {ATTRIBUTES = (Public, ); }; };
		3AA796761AC91A0400FD4320 /* AUTPointFromStringTransformer.m in Sources */ = {isa = PBXBuildFile; fileRef = 3AA7966B1AC91A0400FD4320 /* AUTPointFromStringTransformer.m */; };
		3AA796771AC91A0400FD4320 /* AUTRectFromStringTransformer.h in Headers */ = {isa = PBXBuildFile; fileRef = 3AA7966C1AC91A0400FD4320 /* AUTRectFromStringTransformer.h */; settings = {ATTRIBUTES = (Public, ); }; };
		3AA796781AC91A0400FD4320 /* AUTRectFromStringTransformer.m in Sources */ = {isa = PBXBuildFile; fileRef = 3AA7966D1AC91A0400FD4320 /* AUTRectFromStringTransformer.m */; };
		3AA796791AC91A0400FD4320 /* AUTSizeFromStringTransformer.h in Headers */ = {isa = PBXBuildFile; fileRef = 3AA7966E1AC91A0400FD4320 /* AUTSizeFromStringTransformer.h */; settings = {ATTRIBUTES = (Public, ); }; };
		3AA7967A1AC91A0400FD4320 /* AUTSizeFromStringTransformer.m in Sources */ = {isa = PBXBuildFile; fileRef = 3AA7966F1AC91A0400FD4320 /* AUTSizeFromStringTransformer.m */; };
		3AA7968C1AC91D8400FD4320 /* AUTDynamicThemeApplierTests.m in Sources */ = {isa = PBXBuildFile; fileRef = 3AA7967C1AC91D8400FD4320 /* AUTDynamicThemeApplierTests.m */; };
		3AA7968D1AC91D8400FD4320 /* AUTThemeClassApplierTests.m in Sources */ = {isa = PBXBuildFile; fileRef = 3AA7967D1AC91D8400FD4320 /* AUTThemeClassApplierTests.m */; };
		3AA7968E1AC91D8400FD4320 /* AUTThemeClassEqualityTests.m in Sources */ = {isa = PBXBuildFile; fileRef = 3AA7967E1AC91D8400FD4320 /* AUTThemeClassEqualityTests.m */; };
		3AA7968F1AC91D8400FD4320 /* AUTThemeClassInheritanceTests.m in Sources */ = {isa = PBXBuildFile; fileRef = 3AA7967F1AC91D8400FD4320 /* AUTThemeClassInheritanceTests.m */; };
		3AA796901AC91D8400FD4320 /* AUTThemeClassTests.m in Sources */ = {isa = PBXBuildFile; fileRef = 3AA796801AC91D8400FD4320 /* AUTThemeClassTests.m */; };
		3AA796911AC91D8400FD4320 /* AUTThemeConstantEqualityTests.m in Sources */ = {isa = PBXBuildFile; fileRef = 3AA796811AC91D8400FD4320 /* AUTThemeConstantEqualityTests.m */; };
		3AA796921AC91D8400FD4320 /* AUTThemeConstantTests.m in Sources */ = {isa = PBXBuildFile; fileRef = 3AA796821AC91D8400FD4320 /* AUTThemeConstantTests.m */; };
		3AA796931AC91D8400FD4320 /* AUTThemeLoadingTests.m in Sources */ = {isa = PBXBuildFile; fileRef = 3AA796831AC91D8400FD4320 /* AUTThemeLoadingTests.m */; };
		3AA796941AC91D8400FD4320 /* AUTThemeNameTests.m in Sources */ = {isa = PBXBuildFile; fileRef = 3AA796841AC91D8400FD4320 /* AUTThemeNameTests.m */; };
		3AA796951AC91D8400FD4320 /* AUTThemePropertiesApplierTests.m in Sources */ = {isa = PBXBuildFile; fileRef = 3AA796851AC91D8400FD4320 /* AUTThemePropertiesApplierTests.m */; };
		3AA796961AC91D8400FD4320 /* AUTThemePropertyApplierTests.m in Sources */ = {isa = PBXBuildFile; fileRef = 3AA796861AC91D8400FD4320 /* AUTThemePropertyApplierTests.m */; };
		3AA796971AC91D8400FD4320 /* AUTThemePropertyAutoApplicationTests.m in Sources */ = {isa = PBXBuildFile; fileRef = 3AA796871AC91D8400FD4320 /* AUTThemePropertyAutoApplicationTests.m */; };
		3AA796981AC91D8400FD4320 /* Basic.json in Resources */ = {isa = PBXBuildFile; fileRef = 3AA796881AC91D8400FD4320 /* Basic.json */; };
		3AA796991AC91D8400FD4320 /* BasicTheme.json in Resources */ = {isa = PBXBuildFile; fileRef = 3AA796891AC91D8400FD4320 /* BasicTheme.json */; };
		3AA7969A1AC91D8400FD4320 /* BasicThemeWithNoExtension in Resources */ = {isa = PBXBuildFile; fileRef = 3AA7968A1AC91D8400FD4320 /* BasicThemeWithNoExtension */; };
		3AA7969B1AC91D8400FD4320 /* InvalidJSONTheme.json in Resources */ = {isa = PBXBuildFile; fileRef = 3AA7968B1AC91D8400FD4320 /* InvalidJSONTheme.json */; };
		3AA7969F1AC9290100FD4320 /* AUTRuntimeExtensions.h in Headers */ = {isa = PBXBuildFile; fileRef = 3AA7969D1AC9290100FD4320 /* AUTRuntimeExtensions.h */; settings = {ATTRIBUTES = (Private, ); }; };
		3AA796A01AC9290100FD4320 /* AUTRuntimeExtensions.m in Sources */ = {isa = PBXBuildFile; fileRef = 3AA7969E1AC9290100FD4320 /* AUTRuntimeExtensions.m */; };
		3AC8746F1ACE5976009E0D82 /* AUTThemeParser.h in Headers */ = {isa = PBXBuildFile; fileRef = 3AC8746D1ACE5976009E0D82 /* AUTThemeParser.h */; settings = {ATTRIBUTES = (Public, ); }; };
		3AC874701ACE5976009E0D82 /* AUTThemeParser.h in Headers */ = {isa = PBXBuildFile; fileRef = 3AC8746D1ACE5976009E0D82 /* AUTThemeParser.h */; settings = {ATTRIBUTES = (Public, ); }; };
		3AC874711ACE5976009E0D82 /* AUTThemeParser.m in Sources */ = {isa = PBXBuildFile; fileRef = 3AC8746E1ACE5976009E0D82 /* AUTThemeParser.m */; };
		3AC874721ACE5976009E0D82 /* AUTThemeParser.m in Sources */ = {isa = PBXBuildFile; fileRef = 3AC8746E1ACE5976009E0D82 /* AUTThemeParser.m */; };
		3AC874751ACE59AE009E0D82 /* AUTThemeSymbolReference.h in Headers */ = {isa = PBXBuildFile; fileRef = 3AC874731ACE59AE009E0D82 /* AUTThemeSymbolReference.h */; settings = {ATTRIBUTES = (Private, ); }; };
		3AC874761ACE59AE009E0D82 /* AUTThemeSymbolReference.h in Headers */ = {isa = PBXBuildFile; fileRef = 3AC874731ACE59AE009E0D82 /* AUTThemeSymbolReference.h */; settings = {ATTRIBUTES = (Private, ); }; };
		3AC874771ACE59AE009E0D82 /* AUTThemeSymbolReference.m in Sources */ = {isa = PBXBuildFile; fileRef = 3AC874741ACE59AE009E0D82 /* AUTThemeSymbolReference.m */; };
		3AC874781ACE59AE009E0D82 /* AUTThemeSymbolReference.m in Sources */ = {isa = PBXBuildFile; fileRef = 3AC874741ACE59AE009E0D82 /* AUTThemeSymbolReference.m */; };
		3AC8747B1ACE5AA0009E0D82 /* NSDictionary+DictionaryValueValidation.h in Headers */ = {isa = PBXBuildFile; fileRef = 3AC874791ACE5AA0009E0D82 /* NSDictionary+DictionaryValueValidation.h */; };
		3AC8747C1ACE5AA0009E0D82 /* NSDictionary+DictionaryValueValidation.h in Headers */ = {isa = PBXBuildFile; fileRef = 3AC874791ACE5AA0009E0D82 /* NSDictionary+DictionaryValueValidation.h */; };
		3AC8747D1ACE5AA0009E0D82 /* NSDictionary+DictionaryValueValidation.m in Sources */ = {isa = PBXBuildFile; fileRef = 3AC8747A1ACE5AA0009E0D82 /* NSDictionary+DictionaryValueValidation.m */; };
		3AC8747E1ACE5AA0009E0D82 /* NSDictionary+DictionaryValueValidation.m in Sources */ = {isa = PBXBuildFile; fileRef = 3AC8747A1ACE5AA0009E0D82 /* NSDictionary+DictionaryValueValidation.m */; };
/* End PBXBuildFile section */

/* Begin PBXContainerItemProxy section */
		3A406CEB1AC9B9B000615428 /* PBXContainerItemProxy */ = {
			isa = PBXContainerItemProxy;
			containerPortal = 3A79EC571AC9147E000CCC01 /* Project object */;
			proxyType = 1;
			remoteGlobalIDString = 3A179D8D1AC9483900BD598C;
			remoteInfo = "AUTTheming-OSX";
		};
		3A79EC6D1AC9147E000CCC01 /* PBXContainerItemProxy */ = {
			isa = PBXContainerItemProxy;
			containerPortal = 3A79EC571AC9147E000CCC01 /* Project object */;
			proxyType = 1;
			remoteGlobalIDString = 3A79EC5F1AC9147E000CCC01;
			remoteInfo = AUTTheming;
		};
/* End PBXContainerItemProxy section */

/* Begin PBXFileReference section */
		3A01C5B51AD06A0F00AA479F /* AUTScreenBrightnessThemeApplier.h */ = {isa = PBXFileReference; fileEncoding = 4; lastKnownFileType = sourcecode.c.h; path = AUTScreenBrightnessThemeApplier.h; sourceTree = "<group>"; };
		3A01C5B61AD06A0F00AA479F /* AUTScreenBrightnessThemeApplier.m */ = {isa = PBXFileReference; fileEncoding = 4; lastKnownFileType = sourcecode.c.objc; path = AUTScreenBrightnessThemeApplier.m; sourceTree = "<group>"; };
		3A179DC71AC9483900BD598C /* AUTTheming.framework */ = {isa = PBXFileReference; explicitFileType = wrapper.framework; includeInIndex = 0; path = AUTTheming.framework; sourceTree = BUILT_PRODUCTS_DIR; };
		3A179E221AC9AE6000BD598C /* Common.xcconfig */ = {isa = PBXFileReference; fileEncoding = 4; lastKnownFileType = text.xcconfig; path = Common.xcconfig; sourceTree = "<group>"; };
		3A179E241AC9AE6000BD598C /* Debug.xcconfig */ = {isa = PBXFileReference; fileEncoding = 4; lastKnownFileType = text.xcconfig; path = Debug.xcconfig; sourceTree = "<group>"; };
		3A179E251AC9AE6000BD598C /* Profile.xcconfig */ = {isa = PBXFileReference; fileEncoding = 4; lastKnownFileType = text.xcconfig; path = Profile.xcconfig; sourceTree = "<group>"; };
		3A179E261AC9AE6000BD598C /* Release.xcconfig */ = {isa = PBXFileReference; fileEncoding = 4; lastKnownFileType = text.xcconfig; path = Release.xcconfig; sourceTree = "<group>"; };
		3A179E271AC9AE6000BD598C /* Test.xcconfig */ = {isa = PBXFileReference; fileEncoding = 4; lastKnownFileType = text.xcconfig; path = Test.xcconfig; sourceTree = "<group>"; };
		3A179E291AC9AE6000BD598C /* Application.xcconfig */ = {isa = PBXFileReference; fileEncoding = 4; lastKnownFileType = text.xcconfig; path = Application.xcconfig; sourceTree = "<group>"; };
		3A179E2A1AC9AE6000BD598C /* Framework.xcconfig */ = {isa = PBXFileReference; fileEncoding = 4; lastKnownFileType = text.xcconfig; path = Framework.xcconfig; sourceTree = "<group>"; };
		3A179E2B1AC9AE6000BD598C /* StaticLibrary.xcconfig */ = {isa = PBXFileReference; fileEncoding = 4; lastKnownFileType = text.xcconfig; path = StaticLibrary.xcconfig; sourceTree = "<group>"; };
		3A179E2D1AC9AE6000BD598C /* iOS-Application.xcconfig */ = {isa = PBXFileReference; fileEncoding = 4; lastKnownFileType = text.xcconfig; path = "iOS-Application.xcconfig"; sourceTree = "<group>"; };
		3A179E2E1AC9AE6000BD598C /* iOS-Base.xcconfig */ = {isa = PBXFileReference; fileEncoding = 4; lastKnownFileType = text.xcconfig; path = "iOS-Base.xcconfig"; sourceTree = "<group>"; };
		3A179E2F1AC9AE6000BD598C /* iOS-Framework.xcconfig */ = {isa = PBXFileReference; fileEncoding = 4; lastKnownFileType = text.xcconfig; path = "iOS-Framework.xcconfig"; sourceTree = "<group>"; };
		3A179E301AC9AE6000BD598C /* iOS-StaticLibrary.xcconfig */ = {isa = PBXFileReference; fileEncoding = 4; lastKnownFileType = text.xcconfig; path = "iOS-StaticLibrary.xcconfig"; sourceTree = "<group>"; };
		3A179E321AC9AE6000BD598C /* Mac-Application.xcconfig */ = {isa = PBXFileReference; fileEncoding = 4; lastKnownFileType = text.xcconfig; path = "Mac-Application.xcconfig"; sourceTree = "<group>"; };
		3A179E331AC9AE6000BD598C /* Mac-Base.xcconfig */ = {isa = PBXFileReference; fileEncoding = 4; lastKnownFileType = text.xcconfig; path = "Mac-Base.xcconfig"; sourceTree = "<group>"; };
		3A179E341AC9AE6000BD598C /* Mac-DynamicLibrary.xcconfig */ = {isa = PBXFileReference; fileEncoding = 4; lastKnownFileType = text.xcconfig; path = "Mac-DynamicLibrary.xcconfig"; sourceTree = "<group>"; };
		3A179E351AC9AE6000BD598C /* Mac-Framework.xcconfig */ = {isa = PBXFileReference; fileEncoding = 4; lastKnownFileType = text.xcconfig; path = "Mac-Framework.xcconfig"; sourceTree = "<group>"; };
		3A179E361AC9AE6000BD598C /* Mac-StaticLibrary.xcconfig */ = {isa = PBXFileReference; fileEncoding = 4; lastKnownFileType = text.xcconfig; path = "Mac-StaticLibrary.xcconfig"; sourceTree = "<group>"; };
		3A406CE91AC9B87600615428 /* AUTTheming-OSXTests.xctest */ = {isa = PBXFileReference; explicitFileType = wrapper.cfbundle; includeInIndex = 0; path = "AUTTheming-OSXTests.xctest"; sourceTree = BUILT_PRODUCTS_DIR; };
		3A555A2D1ACD035200726EC9 /* UIColor+HTMLColors.h */ = {isa = PBXFileReference; fileEncoding = 4; lastKnownFileType = sourcecode.c.h; path = "UIColor+HTMLColors.h"; sourceTree = "<group>"; };
		3A555A2E1ACD035200726EC9 /* UIColor+HTMLColors.m */ = {isa = PBXFileReference; fileEncoding = 4; lastKnownFileType = sourcecode.c.objc; path = "UIColor+HTMLColors.m"; sourceTree = "<group>"; };
		3A79EC601AC9147E000CCC01 /* AUTTheming.framework */ = {isa = PBXFileReference; explicitFileType = wrapper.framework; includeInIndex = 0; path = AUTTheming.framework; sourceTree = BUILT_PRODUCTS_DIR; };
		3A79EC641AC9147E000CCC01 /* Info.plist */ = {isa = PBXFileReference; lastKnownFileType = text.plist.xml; path = Info.plist; sourceTree = "<group>"; };
		3A79EC6B1AC9147E000CCC01 /* AUTTheming-iOSTests.xctest */ = {isa = PBXFileReference; explicitFileType = wrapper.cfbundle; includeInIndex = 0; path = "AUTTheming-iOSTests.xctest"; sourceTree = BUILT_PRODUCTS_DIR; };
		3A79EC711AC9147E000CCC01 /* Info.plist */ = {isa = PBXFileReference; lastKnownFileType = text.plist.xml; path = Info.plist; sourceTree = "<group>"; };
		3AA7961D1AC919F300FD4320 /* NSDictionary+IntersectingKeys.h */ = {isa = PBXFileReference; fileEncoding = 4; lastKnownFileType = sourcecode.c.h; name = "NSDictionary+IntersectingKeys.h"; path = "../NSDictionary+IntersectingKeys.h"; sourceTree = "<group>"; };
		3AA7961E1AC919F300FD4320 /* NSDictionary+IntersectingKeys.m */ = {isa = PBXFileReference; fileEncoding = 4; lastKnownFileType = sourcecode.c.objc; name = "NSDictionary+IntersectingKeys.m"; path = "../NSDictionary+IntersectingKeys.m"; sourceTree = "<group>"; };
		3AA7961F1AC919F300FD4320 /* NSObject+ThemeClassAppliers.h */ = {isa = PBXFileReference; fileEncoding = 4; lastKnownFileType = sourcecode.c.h; path = "NSObject+ThemeClassAppliers.h"; sourceTree = "<group>"; };
		3AA796201AC919F300FD4320 /* NSObject+ThemeClassAppliers.m */ = {isa = PBXFileReference; fileEncoding = 4; lastKnownFileType = sourcecode.c.objc; path = "NSObject+ThemeClassAppliers.m"; sourceTree = "<group>"; };
		3AA796211AC919F300FD4320 /* NSObject+ThemeClassAppliersPrivate.h */ = {isa = PBXFileReference; fileEncoding = 4; lastKnownFileType = sourcecode.c.h; path = "NSObject+ThemeClassAppliersPrivate.h"; sourceTree = "<group>"; };
		3AA796221AC919F300FD4320 /* NSObject+ThemeClassName.h */ = {isa = PBXFileReference; fileEncoding = 4; lastKnownFileType = sourcecode.c.h; path = "NSObject+ThemeClassName.h"; sourceTree = "<group>"; };
		3AA796231AC919F300FD4320 /* NSObject+ThemeClassName.m */ = {isa = PBXFileReference; fileEncoding = 4; lastKnownFileType = sourcecode.c.objc; path = "NSObject+ThemeClassName.m"; sourceTree = "<group>"; };
		3AA796241AC919F300FD4320 /* NSString+ThemeSymbols.h */ = {isa = PBXFileReference; fileEncoding = 4; lastKnownFileType = sourcecode.c.h; path = "NSString+ThemeSymbols.h"; sourceTree = "<group>"; };
		3AA796251AC919F300FD4320 /* NSString+ThemeSymbols.m */ = {isa = PBXFileReference; fileEncoding = 4; lastKnownFileType = sourcecode.c.objc; path = "NSString+ThemeSymbols.m"; sourceTree = "<group>"; };
		3AA796261AC919F300FD4320 /* NSURL+LastPathComponentWithoutExtension.h */ = {isa = PBXFileReference; fileEncoding = 4; lastKnownFileType = sourcecode.c.h; path = "NSURL+LastPathComponentWithoutExtension.h"; sourceTree = "<group>"; };
		3AA796271AC919F300FD4320 /* NSURL+LastPathComponentWithoutExtension.m */ = {isa = PBXFileReference; fileEncoding = 4; lastKnownFileType = sourcecode.c.objc; path = "NSURL+LastPathComponentWithoutExtension.m"; sourceTree = "<group>"; };
		3AA796281AC919F300FD4320 /* NSURL+ThemeNaming.h */ = {isa = PBXFileReference; fileEncoding = 4; lastKnownFileType = sourcecode.c.h; path = "NSURL+ThemeNaming.h"; sourceTree = "<group>"; };
		3AA796291AC919F300FD4320 /* NSURL+ThemeNaming.m */ = {isa = PBXFileReference; fileEncoding = 4; lastKnownFileType = sourcecode.c.objc; path = "NSURL+ThemeNaming.m"; sourceTree = "<group>"; };
		3AA7962A1AC919F300FD4320 /* NSValueTransformer+TypeFiltering.h */ = {isa = PBXFileReference; fileEncoding = 4; lastKnownFileType = sourcecode.c.h; path = "NSValueTransformer+TypeFiltering.h"; sourceTree = "<group>"; };
		3AA7962B1AC919F300FD4320 /* NSValueTransformer+TypeFiltering.m */ = {isa = PBXFileReference; fileEncoding = 4; lastKnownFileType = sourcecode.c.objc; path = "NSValueTransformer+TypeFiltering.m"; sourceTree = "<group>"; };
		3AA7963B1AC919FB00FD4320 /* AUTBackwardsCompatableNullability.h */ = {isa = PBXFileReference; fileEncoding = 4; lastKnownFileType = sourcecode.c.h; path = AUTBackwardsCompatableNullability.h; sourceTree = "<group>"; };
		3AA7963C1AC919FB00FD4320 /* AUTDynamicThemeApplier_Private.h */ = {isa = PBXFileReference; fileEncoding = 4; lastKnownFileType = sourcecode.c.h; path = AUTDynamicThemeApplier_Private.h; sourceTree = "<group>"; };
		3AA7963D1AC919FB00FD4320 /* AUTDynamicThemeApplier.h */ = {isa = PBXFileReference; fileEncoding = 4; lastKnownFileType = sourcecode.c.h; path = AUTDynamicThemeApplier.h; sourceTree = "<group>"; };
		3AA7963E1AC919FB00FD4320 /* AUTDynamicThemeApplier.m */ = {isa = PBXFileReference; fileEncoding = 4; lastKnownFileType = sourcecode.c.objc; path = AUTDynamicThemeApplier.m; sourceTree = "<group>"; };
		3AA7963F1AC919FB00FD4320 /* AUTObjCTypeValueTransformer.h */ = {isa = PBXFileReference; fileEncoding = 4; lastKnownFileType = sourcecode.c.h; name = AUTObjCTypeValueTransformer.h; path = ../AUTObjCTypeValueTransformer.h; sourceTree = "<group>"; };
		3AA796401AC919FB00FD4320 /* AUTReverseTransformedValueClass.h */ = {isa = PBXFileReference; fileEncoding = 4; lastKnownFileType = sourcecode.c.h; name = AUTReverseTransformedValueClass.h; path = ../AUTReverseTransformedValueClass.h; sourceTree = "<group>"; };
		3AA796411AC919FB00FD4320 /* AUTTheme_Private.h */ = {isa = PBXFileReference; fileEncoding = 4; lastKnownFileType = sourcecode.c.h; path = AUTTheme_Private.h; sourceTree = "<group>"; };
		3AA796421AC919FB00FD4320 /* AUTTheme.h */ = {isa = PBXFileReference; fileEncoding = 4; lastKnownFileType = sourcecode.c.h; path = AUTTheme.h; sourceTree = "<group>"; };
		3AA796431AC919FB00FD4320 /* AUTTheme.m */ = {isa = PBXFileReference; fileEncoding = 4; lastKnownFileType = sourcecode.c.objc; path = AUTTheme.m; sourceTree = "<group>"; };
		3AA796441AC919FB00FD4320 /* AUTThemeClass_Private.h */ = {isa = PBXFileReference; fileEncoding = 4; lastKnownFileType = sourcecode.c.h; path = AUTThemeClass_Private.h; sourceTree = "<group>"; };
		3AA796451AC919FB00FD4320 /* AUTThemeClass.h */ = {isa = PBXFileReference; fileEncoding = 4; lastKnownFileType = sourcecode.c.h; path = AUTThemeClass.h; sourceTree = "<group>"; };
		3AA796461AC919FB00FD4320 /* AUTThemeClass.m */ = {isa = PBXFileReference; fileEncoding = 4; lastKnownFileType = sourcecode.c.objc; path = AUTThemeClass.m; sourceTree = "<group>"; };
		3AA796471AC919FB00FD4320 /* AUTThemeClassApplicable.h */ = {isa = PBXFileReference; fileEncoding = 4; lastKnownFileType = sourcecode.c.h; path = AUTThemeClassApplicable.h; sourceTree = "<group>"; };
		3AA796481AC919FB00FD4320 /* AUTThemeClassApplicable.m */ = {isa = PBXFileReference; fileEncoding = 4; lastKnownFileType = sourcecode.c.objc; path = AUTThemeClassApplicable.m; sourceTree = "<group>"; };
		3AA796491AC919FB00FD4320 /* AUTThemeConstant_Private.h */ = {isa = PBXFileReference; fileEncoding = 4; lastKnownFileType = sourcecode.c.h; path = AUTThemeConstant_Private.h; sourceTree = "<group>"; };
		3AA7964A1AC919FB00FD4320 /* AUTThemeConstant.h */ = {isa = PBXFileReference; fileEncoding = 4; lastKnownFileType = sourcecode.c.h; path = AUTThemeConstant.h; sourceTree = "<group>"; };
		3AA7964B1AC919FB00FD4320 /* AUTThemeConstant.m */ = {isa = PBXFileReference; fileEncoding = 4; lastKnownFileType = sourcecode.c.objc; path = AUTThemeConstant.m; sourceTree = "<group>"; };
		3AA7964C1AC919FB00FD4320 /* AUTThemeHierarchy.h */ = {isa = PBXFileReference; fileEncoding = 4; lastKnownFileType = sourcecode.c.h; path = AUTThemeHierarchy.h; sourceTree = "<group>"; };
		3AA7964F1AC919FB00FD4320 /* AUTTheming.h */ = {isa = PBXFileReference; fileEncoding = 4; lastKnownFileType = sourcecode.c.h; path = AUTTheming.h; sourceTree = "<group>"; };
		3AA796661AC91A0400FD4320 /* AUTColorFromStringTransformer.h */ = {isa = PBXFileReference; fileEncoding = 4; lastKnownFileType = sourcecode.c.h; path = AUTColorFromStringTransformer.h; sourceTree = "<group>"; };
		3AA796671AC91A0400FD4320 /* AUTColorFromStringTransformer.m */ = {isa = PBXFileReference; fileEncoding = 4; lastKnownFileType = sourcecode.c.objc; path = AUTColorFromStringTransformer.m; sourceTree = "<group>"; };
		3AA796681AC91A0400FD4320 /* AUTEdgeInsetsFromStringTransformer.h */ = {isa = PBXFileReference; fileEncoding = 4; lastKnownFileType = sourcecode.c.h; path = AUTEdgeInsetsFromStringTransformer.h; sourceTree = "<group>"; };
		3AA796691AC91A0400FD4320 /* AUTEdgeInsetsFromStringTransformer.m */ = {isa = PBXFileReference; fileEncoding = 4; lastKnownFileType = sourcecode.c.objc; path = AUTEdgeInsetsFromStringTransformer.m; sourceTree = "<group>"; };
		3AA7966A1AC91A0400FD4320 /* AUTPointFromStringTransformer.h */ = {isa = PBXFileReference; fileEncoding = 4; lastKnownFileType = sourcecode.c.h; path = AUTPointFromStringTransformer.h; sourceTree = "<group>"; };
		3AA7966B1AC91A0400FD4320 /* AUTPointFromStringTransformer.m */ = {isa = PBXFileReference; fileEncoding = 4; lastKnownFileType = sourcecode.c.objc; path = AUTPointFromStringTransformer.m; sourceTree = "<group>"; };
		3AA7966C1AC91A0400FD4320 /* AUTRectFromStringTransformer.h */ = {isa = PBXFileReference; fileEncoding = 4; lastKnownFileType = sourcecode.c.h; path = AUTRectFromStringTransformer.h; sourceTree = "<group>"; };
		3AA7966D1AC91A0400FD4320 /* AUTRectFromStringTransformer.m */ = {isa = PBXFileReference; fileEncoding = 4; lastKnownFileType = sourcecode.c.objc; path = AUTRectFromStringTransformer.m; sourceTree = "<group>"; };
		3AA7966E1AC91A0400FD4320 /* AUTSizeFromStringTransformer.h */ = {isa = PBXFileReference; fileEncoding = 4; lastKnownFileType = sourcecode.c.h; path = AUTSizeFromStringTransformer.h; sourceTree = "<group>"; };
		3AA7966F1AC91A0400FD4320 /* AUTSizeFromStringTransformer.m */ = {isa = PBXFileReference; fileEncoding = 4; lastKnownFileType = sourcecode.c.objc; path = AUTSizeFromStringTransformer.m; sourceTree = "<group>"; };
		3AA7967C1AC91D8400FD4320 /* AUTDynamicThemeApplierTests.m */ = {isa = PBXFileReference; fileEncoding = 4; lastKnownFileType = sourcecode.c.objc; lineEnding = 0; path = AUTDynamicThemeApplierTests.m; sourceTree = "<group>"; xcLanguageSpecificationIdentifier = xcode.lang.objc; };
		3AA7967D1AC91D8400FD4320 /* AUTThemeClassApplierTests.m */ = {isa = PBXFileReference; fileEncoding = 4; lastKnownFileType = sourcecode.c.objc; lineEnding = 0; path = AUTThemeClassApplierTests.m; sourceTree = "<group>"; xcLanguageSpecificationIdentifier = xcode.lang.objc; };
		3AA7967E1AC91D8400FD4320 /* AUTThemeClassEqualityTests.m */ = {isa = PBXFileReference; fileEncoding = 4; lastKnownFileType = sourcecode.c.objc; lineEnding = 0; path = AUTThemeClassEqualityTests.m; sourceTree = "<group>"; xcLanguageSpecificationIdentifier = xcode.lang.objc; };
		3AA7967F1AC91D8400FD4320 /* AUTThemeClassInheritanceTests.m */ = {isa = PBXFileReference; fileEncoding = 4; lastKnownFileType = sourcecode.c.objc; lineEnding = 0; path = AUTThemeClassInheritanceTests.m; sourceTree = "<group>"; xcLanguageSpecificationIdentifier = xcode.lang.objc; };
		3AA796801AC91D8400FD4320 /* AUTThemeClassTests.m */ = {isa = PBXFileReference; fileEncoding = 4; lastKnownFileType = sourcecode.c.objc; lineEnding = 0; path = AUTThemeClassTests.m; sourceTree = "<group>"; xcLanguageSpecificationIdentifier = xcode.lang.objc; };
		3AA796811AC91D8400FD4320 /* AUTThemeConstantEqualityTests.m */ = {isa = PBXFileReference; fileEncoding = 4; lastKnownFileType = sourcecode.c.objc; path = AUTThemeConstantEqualityTests.m; sourceTree = "<group>"; };
		3AA796821AC91D8400FD4320 /* AUTThemeConstantTests.m */ = {isa = PBXFileReference; fileEncoding = 4; lastKnownFileType = sourcecode.c.objc; lineEnding = 0; path = AUTThemeConstantTests.m; sourceTree = "<group>"; xcLanguageSpecificationIdentifier = xcode.lang.objc; };
		3AA796831AC91D8400FD4320 /* AUTThemeLoadingTests.m */ = {isa = PBXFileReference; fileEncoding = 4; lastKnownFileType = sourcecode.c.objc; lineEnding = 0; path = AUTThemeLoadingTests.m; sourceTree = "<group>"; xcLanguageSpecificationIdentifier = xcode.lang.objc; };
		3AA796841AC91D8400FD4320 /* AUTThemeNameTests.m */ = {isa = PBXFileReference; fileEncoding = 4; lastKnownFileType = sourcecode.c.objc; lineEnding = 0; path = AUTThemeNameTests.m; sourceTree = "<group>"; xcLanguageSpecificationIdentifier = xcode.lang.objc; };
		3AA796851AC91D8400FD4320 /* AUTThemePropertiesApplierTests.m */ = {isa = PBXFileReference; fileEncoding = 4; lastKnownFileType = sourcecode.c.objc; lineEnding = 0; path = AUTThemePropertiesApplierTests.m; sourceTree = "<group>"; xcLanguageSpecificationIdentifier = xcode.lang.objc; };
		3AA796861AC91D8400FD4320 /* AUTThemePropertyApplierTests.m */ = {isa = PBXFileReference; fileEncoding = 4; lastKnownFileType = sourcecode.c.objc; lineEnding = 0; path = AUTThemePropertyApplierTests.m; sourceTree = "<group>"; xcLanguageSpecificationIdentifier = xcode.lang.objc; };
		3AA796871AC91D8400FD4320 /* AUTThemePropertyAutoApplicationTests.m */ = {isa = PBXFileReference; fileEncoding = 4; lastKnownFileType = sourcecode.c.objc; path = AUTThemePropertyAutoApplicationTests.m; sourceTree = "<group>"; };
		3AA796881AC91D8400FD4320 /* Basic.json */ = {isa = PBXFileReference; fileEncoding = 4; lastKnownFileType = text.json; path = Basic.json; sourceTree = "<group>"; };
		3AA796891AC91D8400FD4320 /* BasicTheme.json */ = {isa = PBXFileReference; fileEncoding = 4; lastKnownFileType = text.json; path = BasicTheme.json; sourceTree = "<group>"; };
		3AA7968A1AC91D8400FD4320 /* BasicThemeWithNoExtension */ = {isa = PBXFileReference; fileEncoding = 4; lastKnownFileType = text; path = BasicThemeWithNoExtension; sourceTree = "<group>"; };
		3AA7968B1AC91D8400FD4320 /* InvalidJSONTheme.json */ = {isa = PBXFileReference; fileEncoding = 4; lastKnownFileType = text.json; path = InvalidJSONTheme.json; sourceTree = "<group>"; };
		3AA7969D1AC9290100FD4320 /* AUTRuntimeExtensions.h */ = {isa = PBXFileReference; fileEncoding = 4; lastKnownFileType = sourcecode.c.h; path = AUTRuntimeExtensions.h; sourceTree = "<group>"; };
		3AA7969E1AC9290100FD4320 /* AUTRuntimeExtensions.m */ = {isa = PBXFileReference; fileEncoding = 4; lastKnownFileType = sourcecode.c.objc; path = AUTRuntimeExtensions.m; sourceTree = "<group>"; };
		3AC8746D1ACE5976009E0D82 /* AUTThemeParser.h */ = {isa = PBXFileReference; fileEncoding = 4; lastKnownFileType = sourcecode.c.h; path = AUTThemeParser.h; sourceTree = "<group>"; };
		3AC8746E1ACE5976009E0D82 /* AUTThemeParser.m */ = {isa = PBXFileReference; fileEncoding = 4; lastKnownFileType = sourcecode.c.objc; path = AUTThemeParser.m; sourceTree = "<group>"; };
		3AC874731ACE59AE009E0D82 /* AUTThemeSymbolReference.h */ = {isa = PBXFileReference; fileEncoding = 4; lastKnownFileType = sourcecode.c.h; path = AUTThemeSymbolReference.h; sourceTree = "<group>"; };
		3AC874741ACE59AE009E0D82 /* AUTThemeSymbolReference.m */ = {isa = PBXFileReference; fileEncoding = 4; lastKnownFileType = sourcecode.c.objc; path = AUTThemeSymbolReference.m; sourceTree = "<group>"; };
		3AC874791ACE5AA0009E0D82 /* NSDictionary+DictionaryValueValidation.h */ = {isa = PBXFileReference; fileEncoding = 4; lastKnownFileType = sourcecode.c.h; path = "NSDictionary+DictionaryValueValidation.h"; sourceTree = "<group>"; };
		3AC8747A1ACE5AA0009E0D82 /* NSDictionary+DictionaryValueValidation.m */ = {isa = PBXFileReference; fileEncoding = 4; lastKnownFileType = sourcecode.c.objc; path = "NSDictionary+DictionaryValueValidation.m"; sourceTree = "<group>"; };
/* End PBXFileReference section */

/* Begin PBXFrameworksBuildPhase section */
		3A179DA31AC9483900BD598C /* Frameworks */ = {
			isa = PBXFrameworksBuildPhase;
			buildActionMask = 2147483647;
			files = (
			);
			runOnlyForDeploymentPostprocessing = 0;
		};
		3A406CCE1AC9B87600615428 /* Frameworks */ = {
			isa = PBXFrameworksBuildPhase;
			buildActionMask = 2147483647;
			files = (
				3A406CED1AC9B9C300615428 /* AUTTheming.framework in Frameworks */,
			);
			runOnlyForDeploymentPostprocessing = 0;
		};
		3A79EC5C1AC9147E000CCC01 /* Frameworks */ = {
			isa = PBXFrameworksBuildPhase;
			buildActionMask = 2147483647;
			files = (
			);
			runOnlyForDeploymentPostprocessing = 0;
		};
		3A79EC681AC9147E000CCC01 /* Frameworks */ = {
			isa = PBXFrameworksBuildPhase;
			buildActionMask = 2147483647;
			files = (
				3A79EC6C1AC9147E000CCC01 /* AUTTheming.framework in Frameworks */,
			);
			runOnlyForDeploymentPostprocessing = 0;
		};
/* End PBXFrameworksBuildPhase section */

/* Begin PBXGroup section */
		3A179E201AC9AE6000BD598C /* Configuration */ = {
			isa = PBXGroup;
			children = (
				3A179E211AC9AE6000BD598C /* Base */,
				3A179E2C1AC9AE6000BD598C /* iOS */,
				3A179E311AC9AE6000BD598C /* Mac OS X */,
			);
			name = Configuration;
			path = Carthage/Checkouts/xcconfigs;
			sourceTree = "<group>";
		};
		3A179E211AC9AE6000BD598C /* Base */ = {
			isa = PBXGroup;
			children = (
				3A179E221AC9AE6000BD598C /* Common.xcconfig */,
				3A179E231AC9AE6000BD598C /* Configurations */,
				3A179E281AC9AE6000BD598C /* Targets */,
			);
			path = Base;
			sourceTree = "<group>";
		};
		3A179E231AC9AE6000BD598C /* Configurations */ = {
			isa = PBXGroup;
			children = (
				3A179E241AC9AE6000BD598C /* Debug.xcconfig */,
				3A179E251AC9AE6000BD598C /* Profile.xcconfig */,
				3A179E261AC9AE6000BD598C /* Release.xcconfig */,
				3A179E271AC9AE6000BD598C /* Test.xcconfig */,
			);
			path = Configurations;
			sourceTree = "<group>";
		};
		3A179E281AC9AE6000BD598C /* Targets */ = {
			isa = PBXGroup;
			children = (
				3A179E291AC9AE6000BD598C /* Application.xcconfig */,
				3A179E2A1AC9AE6000BD598C /* Framework.xcconfig */,
				3A179E2B1AC9AE6000BD598C /* StaticLibrary.xcconfig */,
			);
			path = Targets;
			sourceTree = "<group>";
		};
		3A179E2C1AC9AE6000BD598C /* iOS */ = {
			isa = PBXGroup;
			children = (
				3A179E2D1AC9AE6000BD598C /* iOS-Application.xcconfig */,
				3A179E2E1AC9AE6000BD598C /* iOS-Base.xcconfig */,
				3A179E2F1AC9AE6000BD598C /* iOS-Framework.xcconfig */,
				3A179E301AC9AE6000BD598C /* iOS-StaticLibrary.xcconfig */,
			);
			path = iOS;
			sourceTree = "<group>";
		};
		3A179E311AC9AE6000BD598C /* Mac OS X */ = {
			isa = PBXGroup;
			children = (
				3A179E321AC9AE6000BD598C /* Mac-Application.xcconfig */,
				3A179E331AC9AE6000BD598C /* Mac-Base.xcconfig */,
				3A179E341AC9AE6000BD598C /* Mac-DynamicLibrary.xcconfig */,
				3A179E351AC9AE6000BD598C /* Mac-Framework.xcconfig */,
				3A179E361AC9AE6000BD598C /* Mac-StaticLibrary.xcconfig */,
			);
			path = "Mac OS X";
			sourceTree = "<group>";
		};
		3A555A2C1ACD035200726EC9 /* UIColor-HTMLColors */ = {
			isa = PBXGroup;
			children = (
				3A555A2D1ACD035200726EC9 /* UIColor+HTMLColors.h */,
				3A555A2E1ACD035200726EC9 /* UIColor+HTMLColors.m */,
			);
			path = "UIColor-HTMLColors";
			sourceTree = "<group>";
		};
		3A79EC561AC9147E000CCC01 = {
			isa = PBXGroup;
			children = (
				3A79EC621AC9147E000CCC01 /* AUTTheming */,
				3A79EC6F1AC9147E000CCC01 /* AUTThemingTests */,
				3A179E201AC9AE6000BD598C /* Configuration */,
				3A79EC611AC9147E000CCC01 /* Products */,
			);
			sourceTree = "<group>";
		};
		3A79EC611AC9147E000CCC01 /* Products */ = {
			isa = PBXGroup;
			children = (
				3A79EC601AC9147E000CCC01 /* AUTTheming.framework */,
				3A79EC6B1AC9147E000CCC01 /* AUTTheming-iOSTests.xctest */,
				3A179DC71AC9483900BD598C /* AUTTheming.framework */,
				3A406CE91AC9B87600615428 /* AUTTheming-OSXTests.xctest */,
			);
			name = Products;
			sourceTree = "<group>";
		};
		3A79EC621AC9147E000CCC01 /* AUTTheming */ = {
			isa = PBXGroup;
			children = (
				3AA7964F1AC919FB00FD4320 /* AUTTheming.h */,
				3AA796421AC919FB00FD4320 /* AUTTheme.h */,
				3AA796411AC919FB00FD4320 /* AUTTheme_Private.h */,
				3AA796431AC919FB00FD4320 /* AUTTheme.m */,
				3AA796451AC919FB00FD4320 /* AUTThemeClass.h */,
				3AA796441AC919FB00FD4320 /* AUTThemeClass_Private.h */,
				3AA796461AC919FB00FD4320 /* AUTThemeClass.m */,
				3AA7963D1AC919FB00FD4320 /* AUTDynamicThemeApplier.h */,
				3AA7963C1AC919FB00FD4320 /* AUTDynamicThemeApplier_Private.h */,
				3AA7963E1AC919FB00FD4320 /* AUTDynamicThemeApplier.m */,
				3AA796471AC919FB00FD4320 /* AUTThemeClassApplicable.h */,
				3AA796481AC919FB00FD4320 /* AUTThemeClassApplicable.m */,
				3AA7961F1AC919F300FD4320 /* NSObject+ThemeClassAppliers.h */,
				3AA796211AC919F300FD4320 /* NSObject+ThemeClassAppliersPrivate.h */,
				3AA796201AC919F300FD4320 /* NSObject+ThemeClassAppliers.m */,
				3AA7963B1AC919FB00FD4320 /* AUTBackwardsCompatableNullability.h */,
				3AA796491AC919FB00FD4320 /* AUTThemeConstant_Private.h */,
				3AA7964A1AC919FB00FD4320 /* AUTThemeConstant.h */,
				3AA7964B1AC919FB00FD4320 /* AUTThemeConstant.m */,
				3AA7964C1AC919FB00FD4320 /* AUTThemeHierarchy.h */,
				3AA796221AC919F300FD4320 /* NSObject+ThemeClassName.h */,
				3AA796231AC919F300FD4320 /* NSObject+ThemeClassName.m */,
				3AA796241AC919F300FD4320 /* NSString+ThemeSymbols.h */,
				3AA796251AC919F300FD4320 /* NSString+ThemeSymbols.m */,
				3AA796261AC919F300FD4320 /* NSURL+LastPathComponentWithoutExtension.h */,
				3AA796271AC919F300FD4320 /* NSURL+LastPathComponentWithoutExtension.m */,
				3AA796281AC919F300FD4320 /* NSURL+ThemeNaming.h */,
				3AA796291AC919F300FD4320 /* NSURL+ThemeNaming.m */,
				3AA7962A1AC919F300FD4320 /* NSValueTransformer+TypeFiltering.h */,
				3AA7962B1AC919F300FD4320 /* NSValueTransformer+TypeFiltering.m */,
				3A01C5B51AD06A0F00AA479F /* AUTScreenBrightnessThemeApplier.h */,
				3A01C5B61AD06A0F00AA479F /* AUTScreenBrightnessThemeApplier.m */,
				3AC874661ACE593B009E0D82 /* Parsing */,
				3AA796651AC91A0400FD4320 /* ValueTransformers */,
				3A555A2C1ACD035200726EC9 /* UIColor-HTMLColors */,
				3AA7969C1AC9290100FD4320 /* RuntimeExtensions */,
				3A79EC631AC9147E000CCC01 /* Supporting Files */,
			);
			path = AUTTheming;
			sourceTree = "<group>";
		};
		3A79EC631AC9147E000CCC01 /* Supporting Files */ = {
			isa = PBXGroup;
			children = (
				3A79EC641AC9147E000CCC01 /* Info.plist */,
			);
			name = "Supporting Files";
			sourceTree = "<group>";
		};
		3A79EC6F1AC9147E000CCC01 /* AUTThemingTests */ = {
			isa = PBXGroup;
			children = (
				3AA7967C1AC91D8400FD4320 /* AUTDynamicThemeApplierTests.m */,
				3AA7967D1AC91D8400FD4320 /* AUTThemeClassApplierTests.m */,
				3AA7967E1AC91D8400FD4320 /* AUTThemeClassEqualityTests.m */,
				3AA7967F1AC91D8400FD4320 /* AUTThemeClassInheritanceTests.m */,
				3AA796801AC91D8400FD4320 /* AUTThemeClassTests.m */,
				3AA796811AC91D8400FD4320 /* AUTThemeConstantEqualityTests.m */,
				3AA796821AC91D8400FD4320 /* AUTThemeConstantTests.m */,
				3AA796831AC91D8400FD4320 /* AUTThemeLoadingTests.m */,
				3AA796841AC91D8400FD4320 /* AUTThemeNameTests.m */,
				3AA796851AC91D8400FD4320 /* AUTThemePropertiesApplierTests.m */,
				3AA796861AC91D8400FD4320 /* AUTThemePropertyApplierTests.m */,
				3AA796871AC91D8400FD4320 /* AUTThemePropertyAutoApplicationTests.m */,
				3AA796881AC91D8400FD4320 /* Basic.json */,
				3AA796891AC91D8400FD4320 /* BasicTheme.json */,
				3AA7968A1AC91D8400FD4320 /* BasicThemeWithNoExtension */,
				3AA7968B1AC91D8400FD4320 /* InvalidJSONTheme.json */,
				3A79EC701AC9147E000CCC01 /* Supporting Files */,
			);
			path = AUTThemingTests;
			sourceTree = "<group>";
		};
		3A79EC701AC9147E000CCC01 /* Supporting Files */ = {
			isa = PBXGroup;
			children = (
				3A79EC711AC9147E000CCC01 /* Info.plist */,
			);
			name = "Supporting Files";
			sourceTree = "<group>";
		};
		3AA796651AC91A0400FD4320 /* ValueTransformers */ = {
			isa = PBXGroup;
			children = (
				3AA7963F1AC919FB00FD4320 /* AUTObjCTypeValueTransformer.h */,
				3AA796401AC919FB00FD4320 /* AUTReverseTransformedValueClass.h */,
				3AA796661AC91A0400FD4320 /* AUTColorFromStringTransformer.h */,
				3AA796671AC91A0400FD4320 /* AUTColorFromStringTransformer.m */,
				3AA796681AC91A0400FD4320 /* AUTEdgeInsetsFromStringTransformer.h */,
				3AA796691AC91A0400FD4320 /* AUTEdgeInsetsFromStringTransformer.m */,
				3AA7966A1AC91A0400FD4320 /* AUTPointFromStringTransformer.h */,
				3AA7966B1AC91A0400FD4320 /* AUTPointFromStringTransformer.m */,
				3AA7966C1AC91A0400FD4320 /* AUTRectFromStringTransformer.h */,
				3AA7966D1AC91A0400FD4320 /* AUTRectFromStringTransformer.m */,
				3AA7966E1AC91A0400FD4320 /* AUTSizeFromStringTransformer.h */,
				3AA7966F1AC91A0400FD4320 /* AUTSizeFromStringTransformer.m */,
			);
			path = ValueTransformers;
			sourceTree = "<group>";
		};
		3AA7969C1AC9290100FD4320 /* RuntimeExtensions */ = {
			isa = PBXGroup;
			children = (
				3AA7969D1AC9290100FD4320 /* AUTRuntimeExtensions.h */,
				3AA7969E1AC9290100FD4320 /* AUTRuntimeExtensions.m */,
			);
			path = RuntimeExtensions;
			sourceTree = "<group>";
		};
		3AC874661ACE593B009E0D82 /* Parsing */ = {
			isa = PBXGroup;
			children = (
				3AC8746D1ACE5976009E0D82 /* AUTThemeParser.h */,
				3AC8746E1ACE5976009E0D82 /* AUTThemeParser.m */,
				3AC874731ACE59AE009E0D82 /* AUTThemeSymbolReference.h */,
				3AC874741ACE59AE009E0D82 /* AUTThemeSymbolReference.m */,
				3AC874791ACE5AA0009E0D82 /* NSDictionary+DictionaryValueValidation.h */,
				3AC8747A1ACE5AA0009E0D82 /* NSDictionary+DictionaryValueValidation.m */,
				3AA7961D1AC919F300FD4320 /* NSDictionary+IntersectingKeys.h */,
				3AA7961E1AC919F300FD4320 /* NSDictionary+IntersectingKeys.m */,
			);
			path = Parsing;
			sourceTree = "<group>";
		};
/* End PBXGroup section */

/* Begin PBXHeadersBuildPhase section */
		3A179DA41AC9483900BD598C /* Headers */ = {
			isa = PBXHeadersBuildPhase;
			buildActionMask = 2147483647;
			files = (
				3A179DA51AC9483900BD598C /* AUTReverseTransformedValueClass.h in Headers */,
				3A179DA61AC9483900BD598C /* AUTTheme.h in Headers */,
				3A179DA71AC9483900BD598C /* AUTTheming.h in Headers */,
				3A179DA81AC9483900BD598C /* NSObject+ThemeClassName.h in Headers */,
				3A179DAB1AC9483900BD598C /* AUTDynamicThemeApplier.h in Headers */,
				3A179DAF1AC9483900BD598C /* AUTObjCTypeValueTransformer.h in Headers */,
				3A179DB01AC9483900BD598C /* AUTTheme_Private.h in Headers */,
				3AC874761ACE59AE009E0D82 /* AUTThemeSymbolReference.h in Headers */,
				3A179DB41AC9483900BD598C /* AUTThemeClass.h in Headers */,
				3A179DA91AC9483900BD598C /* NSURL+LastPathComponentWithoutExtension.h in Headers */,
				3A179DAA1AC9483900BD598C /* NSValueTransformer+TypeFiltering.h in Headers */,
				3A179DAC1AC9483900BD598C /* NSURL+ThemeNaming.h in Headers */,
				3A179DAD1AC9483900BD598C /* AUTThemeConstant_Private.h in Headers */,
				3A179DB11AC9483900BD598C /* NSDictionary+IntersectingKeys.h in Headers */,
				3AC8747C1ACE5AA0009E0D82 /* NSDictionary+DictionaryValueValidation.h in Headers */,
				3A179DB71AC9483900BD598C /* NSString+ThemeSymbols.h in Headers */,
				3A179DBC1AC9483900BD598C /* AUTThemeHierarchy.h in Headers */,
				3A179DBF1AC9483900BD598C /* AUTRuntimeExtensions.h in Headers */,
				3A179DC01AC9483900BD598C /* NSObject+ThemeClassAppliersPrivate.h in Headers */,
				3AC874701ACE5976009E0D82 /* AUTThemeParser.h in Headers */,
				3A179DC11AC9483900BD598C /* AUTThemeConstant.h in Headers */,
				3A179DB51AC9483900BD598C /* AUTThemeClass_Private.h in Headers */,
				3A179DB81AC9483900BD598C /* AUTThemeClassApplicable.h in Headers */,
				3A179DB91AC9483900BD598C /* AUTDynamicThemeApplier_Private.h in Headers */,
				3A179DBB1AC9483900BD598C /* AUTBackwardsCompatableNullability.h in Headers */,
				3A179DBE1AC9483900BD598C /* NSObject+ThemeClassAppliers.h in Headers */,
			);
			runOnlyForDeploymentPostprocessing = 0;
		};
		3A79EC5D1AC9147E000CCC01 /* Headers */ = {
			isa = PBXHeadersBuildPhase;
			buildActionMask = 2147483647;
			files = (
				3AA796551AC919FB00FD4320 /* AUTReverseTransformedValueClass.h in Headers */,
				3AA796571AC919FB00FD4320 /* AUTTheme.h in Headers */,
				3AA796641AC919FB00FD4320 /* AUTTheming.h in Headers */,
				3A555A2F1ACD035200726EC9 /* UIColor+HTMLColors.h in Headers */,
				3AA796311AC919F300FD4320 /* NSObject+ThemeClassName.h in Headers */,
				3AA796521AC919FB00FD4320 /* AUTDynamicThemeApplier.h in Headers */,
				3AA796541AC919FB00FD4320 /* AUTObjCTypeValueTransformer.h in Headers */,
				3A01C5B71AD06A0F00AA479F /* AUTScreenBrightnessThemeApplier.h in Headers */,
				3AA796561AC919FB00FD4320 /* AUTTheme_Private.h in Headers */,
				3AA796711AC91A0400FD4320 /* AUTColorFromStringTransformer.h in Headers */,
				3AC8746F1ACE5976009E0D82 /* AUTThemeParser.h in Headers */,
				3AA7965A1AC919FB00FD4320 /* AUTThemeClass.h in Headers */,
				3AA796591AC919FB00FD4320 /* AUTThemeClass_Private.h in Headers */,
				3AA796771AC91A0400FD4320 /* AUTRectFromStringTransformer.h in Headers */,
				3AA796351AC919F300FD4320 /* NSURL+LastPathComponentWithoutExtension.h in Headers */,
				3AA796391AC919F300FD4320 /* NSValueTransformer+TypeFiltering.h in Headers */,
				3AA796371AC919F300FD4320 /* NSURL+ThemeNaming.h in Headers */,
				3AA7965E1AC919FB00FD4320 /* AUTThemeConstant_Private.h in Headers */,
				3AC874751ACE59AE009E0D82 /* AUTThemeSymbolReference.h in Headers */,
				3AA7962C1AC919F300FD4320 /* NSDictionary+IntersectingKeys.h in Headers */,
				3AA796331AC919F300FD4320 /* NSString+ThemeSymbols.h in Headers */,
				3AA796611AC919FB00FD4320 /* AUTThemeHierarchy.h in Headers */,
				3AA7969F1AC9290100FD4320 /* AUTRuntimeExtensions.h in Headers */,
				3AA796301AC919F300FD4320 /* NSObject+ThemeClassAppliersPrivate.h in Headers */,
				3AA7965F1AC919FB00FD4320 /* AUTThemeConstant.h in Headers */,
				3AA7965C1AC919FB00FD4320 /* AUTThemeClassApplicable.h in Headers */,
				3AA796511AC919FB00FD4320 /* AUTDynamicThemeApplier_Private.h in Headers */,
				3AA796751AC91A0400FD4320 /* AUTPointFromStringTransformer.h in Headers */,
				3AA796501AC919FB00FD4320 /* AUTBackwardsCompatableNullability.h in Headers */,
				3AA7962E1AC919F300FD4320 /* NSObject+ThemeClassAppliers.h in Headers */,
				3A179DCA1AC9491900BD598C /* AUTEdgeInsetsFromStringTransformer.h in Headers */,
				3AC8747B1ACE5AA0009E0D82 /* NSDictionary+DictionaryValueValidation.h in Headers */,
				3AA796791AC91A0400FD4320 /* AUTSizeFromStringTransformer.h in Headers */,
			);
			runOnlyForDeploymentPostprocessing = 0;
		};
/* End PBXHeadersBuildPhase section */

/* Begin PBXNativeTarget section */
		3A179D8D1AC9483900BD598C /* AUTTheming-OSX */ = {
			isa = PBXNativeTarget;
			buildConfigurationList = 3A179DC41AC9483900BD598C /* Build configuration list for PBXNativeTarget "AUTTheming-OSX" */;
			buildPhases = (
				3A179D8E1AC9483900BD598C /* Sources */,
				3A179DA31AC9483900BD598C /* Frameworks */,
				3A179DA41AC9483900BD598C /* Headers */,
				3A179DC31AC9483900BD598C /* Resources */,
			);
			buildRules = (
			);
			dependencies = (
			);
			name = "AUTTheming-OSX";
			productName = AUTTheming;
			productReference = 3A179DC71AC9483900BD598C /* AUTTheming.framework */;
			productType = "com.apple.product-type.framework";
		};
		3A406CBE1AC9B87600615428 /* AUTTheming-OSXTests */ = {
			isa = PBXNativeTarget;
			buildConfigurationList = 3A406CE61AC9B87600615428 /* Build configuration list for PBXNativeTarget "AUTTheming-OSXTests" */;
			buildPhases = (
				3A406CC11AC9B87600615428 /* Sources */,
				3A406CCE1AC9B87600615428 /* Frameworks */,
				3A406CD01AC9B87600615428 /* Resources */,
			);
			buildRules = (
			);
			dependencies = (
				3A406CEC1AC9B9B000615428 /* PBXTargetDependency */,
			);
			name = "AUTTheming-OSXTests";
			productName = AUTThemingTests;
			productReference = 3A406CE91AC9B87600615428 /* AUTTheming-OSXTests.xctest */;
			productType = "com.apple.product-type.bundle.unit-test";
		};
		3A79EC5F1AC9147E000CCC01 /* AUTTheming-iOS */ = {
			isa = PBXNativeTarget;
			buildConfigurationList = 3A79EC761AC9147E000CCC01 /* Build configuration list for PBXNativeTarget "AUTTheming-iOS" */;
			buildPhases = (
				3A79EC5B1AC9147E000CCC01 /* Sources */,
				3A79EC5C1AC9147E000CCC01 /* Frameworks */,
				3A79EC5D1AC9147E000CCC01 /* Headers */,
				3A79EC5E1AC9147E000CCC01 /* Resources */,
			);
			buildRules = (
			);
			dependencies = (
			);
			name = "AUTTheming-iOS";
			productName = AUTTheming;
			productReference = 3A79EC601AC9147E000CCC01 /* AUTTheming.framework */;
			productType = "com.apple.product-type.framework";
		};
		3A79EC6A1AC9147E000CCC01 /* AUTTheming-iOSTests */ = {
			isa = PBXNativeTarget;
			buildConfigurationList = 3A79EC791AC9147E000CCC01 /* Build configuration list for PBXNativeTarget "AUTTheming-iOSTests" */;
			buildPhases = (
				3A79EC671AC9147E000CCC01 /* Sources */,
				3A79EC681AC9147E000CCC01 /* Frameworks */,
				3A79EC691AC9147E000CCC01 /* Resources */,
			);
			buildRules = (
			);
			dependencies = (
				3A79EC6E1AC9147E000CCC01 /* PBXTargetDependency */,
			);
			name = "AUTTheming-iOSTests";
			productName = AUTThemingTests;
			productReference = 3A79EC6B1AC9147E000CCC01 /* AUTTheming-iOSTests.xctest */;
			productType = "com.apple.product-type.bundle.unit-test";
		};
/* End PBXNativeTarget section */

/* Begin PBXProject section */
		3A79EC571AC9147E000CCC01 /* Project object */ = {
			isa = PBXProject;
			attributes = {
				LastUpgradeCheck = 0630;
				ORGANIZATIONNAME = "Automatic Labs, Inc";
				TargetAttributes = {
					3A79EC5F1AC9147E000CCC01 = {
						CreatedOnToolsVersion = 6.3;
					};
					3A79EC6A1AC9147E000CCC01 = {
						CreatedOnToolsVersion = 6.3;
					};
				};
			};
			buildConfigurationList = 3A79EC5A1AC9147E000CCC01 /* Build configuration list for PBXProject "AUTTheming" */;
			compatibilityVersion = "Xcode 3.2";
			developmentRegion = English;
			hasScannedForEncodings = 0;
			knownRegions = (
				en,
			);
			mainGroup = 3A79EC561AC9147E000CCC01;
			productRefGroup = 3A79EC611AC9147E000CCC01 /* Products */;
			projectDirPath = "";
			projectRoot = "";
			targets = (
				3A79EC5F1AC9147E000CCC01 /* AUTTheming-iOS */,
				3A79EC6A1AC9147E000CCC01 /* AUTTheming-iOSTests */,
				3A179D8D1AC9483900BD598C /* AUTTheming-OSX */,
				3A406CBE1AC9B87600615428 /* AUTTheming-OSXTests */,
			);
		};
/* End PBXProject section */

/* Begin PBXResourcesBuildPhase section */
		3A179DC31AC9483900BD598C /* Resources */ = {
			isa = PBXResourcesBuildPhase;
			buildActionMask = 2147483647;
			files = (
			);
			runOnlyForDeploymentPostprocessing = 0;
		};
		3A406CD01AC9B87600615428 /* Resources */ = {
			isa = PBXResourcesBuildPhase;
			buildActionMask = 2147483647;
			files = (
				3A406CD81AC9B87600615428 /* BasicTheme.json in Resources */,
				3A406CDC1AC9B87600615428 /* InvalidJSONTheme.json in Resources */,
				3A406CDE1AC9B87600615428 /* Basic.json in Resources */,
				3A406CE01AC9B87600615428 /* BasicThemeWithNoExtension in Resources */,
			);
			runOnlyForDeploymentPostprocessing = 0;
		};
		3A79EC5E1AC9147E000CCC01 /* Resources */ = {
			isa = PBXResourcesBuildPhase;
			buildActionMask = 2147483647;
			files = (
			);
			runOnlyForDeploymentPostprocessing = 0;
		};
		3A79EC691AC9147E000CCC01 /* Resources */ = {
			isa = PBXResourcesBuildPhase;
			buildActionMask = 2147483647;
			files = (
				3AA796991AC91D8400FD4320 /* BasicTheme.json in Resources */,
				3AA7969B1AC91D8400FD4320 /* InvalidJSONTheme.json in Resources */,
				3AA796981AC91D8400FD4320 /* Basic.json in Resources */,
				3AA7969A1AC91D8400FD4320 /* BasicThemeWithNoExtension in Resources */,
			);
			runOnlyForDeploymentPostprocessing = 0;
		};
/* End PBXResourcesBuildPhase section */

/* Begin PBXSourcesBuildPhase section */
		3A179D8E1AC9483900BD598C /* Sources */ = {
			isa = PBXSourcesBuildPhase;
			buildActionMask = 2147483647;
			files = (
				3A179D8F1AC9483900BD598C /* AUTThemeClassApplicable.m in Sources */,
				3A179D901AC9483900BD598C /* NSURL+ThemeNaming.m in Sources */,
				3AC874781ACE59AE009E0D82 /* AUTThemeSymbolReference.m in Sources */,
				3AC8747E1ACE5AA0009E0D82 /* NSDictionary+DictionaryValueValidation.m in Sources */,
				3A179D911AC9483900BD598C /* NSObject+ThemeClassAppliers.m in Sources */,
				3A179D931AC9483900BD598C /* AUTTheme.m in Sources */,
				3A179D941AC9483900BD598C /* AUTThemeClass.m in Sources */,
				3A179D951AC9483900BD598C /* AUTDynamicThemeApplier.m in Sources */,
				3A179D971AC9483900BD598C /* NSValueTransformer+TypeFiltering.m in Sources */,
				3A179D981AC9483900BD598C /* AUTRuntimeExtensions.m in Sources */,
				3A179D991AC9483900BD598C /* NSString+ThemeSymbols.m in Sources */,
				3A179D9B1AC9483900BD598C /* AUTThemeConstant.m in Sources */,
				3A179D9C1AC9483900BD598C /* NSURL+LastPathComponentWithoutExtension.m in Sources */,
				3A179DA01AC9483900BD598C /* NSDictionary+IntersectingKeys.m in Sources */,
				3AC874721ACE5976009E0D82 /* AUTThemeParser.m in Sources */,
				3A179DA21AC9483900BD598C /* NSObject+ThemeClassName.m in Sources */,
			);
			runOnlyForDeploymentPostprocessing = 0;
		};
		3A406CC11AC9B87600615428 /* Sources */ = {
			isa = PBXSourcesBuildPhase;
			buildActionMask = 2147483647;
			files = (
				3A406CC21AC9B87600615428 /* AUTDynamicThemeApplierTests.m in Sources */,
				3A406CC31AC9B87600615428 /* AUTThemeClassApplierTests.m in Sources */,
				3A406CC61AC9B87600615428 /* AUTThemeConstantEqualityTests.m in Sources */,
				3A406CC71AC9B87600615428 /* AUTThemeNameTests.m in Sources */,
				3A406CC81AC9B87600615428 /* AUTThemeClassInheritanceTests.m in Sources */,
				3A406CC91AC9B87600615428 /* AUTThemeConstantTests.m in Sources */,
				3A406CCA1AC9B87600615428 /* AUTThemeClassTests.m in Sources */,
				3A406CCB1AC9B87600615428 /* AUTThemeClassEqualityTests.m in Sources */,
				3A406CCC1AC9B87600615428 /* AUTThemePropertiesApplierTests.m in Sources */,
				3A406CCD1AC9B87600615428 /* AUTThemeLoadingTests.m in Sources */,
			);
			runOnlyForDeploymentPostprocessing = 0;
		};
		3A79EC5B1AC9147E000CCC01 /* Sources */ = {
			isa = PBXSourcesBuildPhase;
			buildActionMask = 2147483647;
			files = (
				3AA7965D1AC919FB00FD4320 /* AUTThemeClassApplicable.m in Sources */,
				3AA796381AC919F300FD4320 /* NSURL+ThemeNaming.m in Sources */,
				3A179DCB1AC9491900BD598C /* AUTEdgeInsetsFromStringTransformer.m in Sources */,
				3AC8747D1ACE5AA0009E0D82 /* NSDictionary+DictionaryValueValidation.m in Sources */,
				3AA7962F1AC919F300FD4320 /* NSObject+ThemeClassAppliers.m in Sources */,
				3AA796581AC919FB00FD4320 /* AUTTheme.m in Sources */,
				3AA7965B1AC919FB00FD4320 /* AUTThemeClass.m in Sources */,
				3AA796531AC919FB00FD4320 /* AUTDynamicThemeApplier.m in Sources */,
				3AA7963A1AC919F300FD4320 /* NSValueTransformer+TypeFiltering.m in Sources */,
				3AA796A01AC9290100FD4320 /* AUTRuntimeExtensions.m in Sources */,
				3A01C5B81AD06A0F00AA479F /* AUTScreenBrightnessThemeApplier.m in Sources */,
				3AA796341AC919F300FD4320 /* NSString+ThemeSymbols.m in Sources */,
				3AA796781AC91A0400FD4320 /* AUTRectFromStringTransformer.m in Sources */,
				3AA796601AC919FB00FD4320 /* AUTThemeConstant.m in Sources */,
				3AA796361AC919F300FD4320 /* NSURL+LastPathComponentWithoutExtension.m in Sources */,
				3AA796761AC91A0400FD4320 /* AUTPointFromStringTransformer.m in Sources */,
				3AC874771ACE59AE009E0D82 /* AUTThemeSymbolReference.m in Sources */,
				3AA7967A1AC91A0400FD4320 /* AUTSizeFromStringTransformer.m in Sources */,
				3AA796721AC91A0400FD4320 /* AUTColorFromStringTransformer.m in Sources */,
				3AC874711ACE5976009E0D82 /* AUTThemeParser.m in Sources */,
				3AA7962D1AC919F300FD4320 /* NSDictionary+IntersectingKeys.m in Sources */,
				3A555A301ACD035200726EC9 /* UIColor+HTMLColors.m in Sources */,
				3AA796321AC919F300FD4320 /* NSObject+ThemeClassName.m in Sources */,
			);
			runOnlyForDeploymentPostprocessing = 0;
		};
		3A79EC671AC9147E000CCC01 /* Sources */ = {
			isa = PBXSourcesBuildPhase;
			buildActionMask = 2147483647;
			files = (
				3AA7968C1AC91D8400FD4320 /* AUTDynamicThemeApplierTests.m in Sources */,
				3AA7968D1AC91D8400FD4320 /* AUTThemeClassApplierTests.m in Sources */,
				3AA796961AC91D8400FD4320 /* AUTThemePropertyApplierTests.m in Sources */,
				3AA796971AC91D8400FD4320 /* AUTThemePropertyAutoApplicationTests.m in Sources */,
				3AA796911AC91D8400FD4320 /* AUTThemeConstantEqualityTests.m in Sources */,
				3AA796941AC91D8400FD4320 /* AUTThemeNameTests.m in Sources */,
				3AA7968F1AC91D8400FD4320 /* AUTThemeClassInheritanceTests.m in Sources */,
				3AA796921AC91D8400FD4320 /* AUTThemeConstantTests.m in Sources */,
				3AA796901AC91D8400FD4320 /* AUTThemeClassTests.m in Sources */,
				3AA7968E1AC91D8400FD4320 /* AUTThemeClassEqualityTests.m in Sources */,
				3AA796951AC91D8400FD4320 /* AUTThemePropertiesApplierTests.m in Sources */,
				3AA796931AC91D8400FD4320 /* AUTThemeLoadingTests.m in Sources */,
			);
			runOnlyForDeploymentPostprocessing = 0;
		};
/* End PBXSourcesBuildPhase section */

/* Begin PBXTargetDependency section */
		3A406CEC1AC9B9B000615428 /* PBXTargetDependency */ = {
			isa = PBXTargetDependency;
			target = 3A179D8D1AC9483900BD598C /* AUTTheming-OSX */;
			targetProxy = 3A406CEB1AC9B9B000615428 /* PBXContainerItemProxy */;
		};
		3A79EC6E1AC9147E000CCC01 /* PBXTargetDependency */ = {
			isa = PBXTargetDependency;
			target = 3A79EC5F1AC9147E000CCC01 /* AUTTheming-iOS */;
			targetProxy = 3A79EC6D1AC9147E000CCC01 /* PBXContainerItemProxy */;
		};
/* End PBXTargetDependency section */

/* Begin XCBuildConfiguration section */
		3A179DC51AC9483900BD598C /* Debug */ = {
			isa = XCBuildConfiguration;
			baseConfigurationReference = 3A179E351AC9AE6000BD598C /* Mac-Framework.xcconfig */;
			buildSettings = {
				DYLIB_COMPATIBILITY_VERSION = 1;
				DYLIB_CURRENT_VERSION = 1;
				INFOPLIST_FILE = AUTTheming/Info.plist;
			};
			name = Debug;
		};
		3A179DC61AC9483900BD598C /* Release */ = {
			isa = XCBuildConfiguration;
			baseConfigurationReference = 3A179E351AC9AE6000BD598C /* Mac-Framework.xcconfig */;
			buildSettings = {
				DYLIB_COMPATIBILITY_VERSION = 1;
				DYLIB_CURRENT_VERSION = 1;
				INFOPLIST_FILE = AUTTheming/Info.plist;
			};
			name = Release;
		};
		3A406CE71AC9B87600615428 /* Debug */ = {
			isa = XCBuildConfiguration;
			baseConfigurationReference = 3A179E321AC9AE6000BD598C /* Mac-Application.xcconfig */;
			buildSettings = {
				INFOPLIST_FILE = AUTThemingTests/Info.plist;
				LD_RUNPATH_SEARCH_PATHS = "$(inherited) @executable_path/Frameworks @loader_path/Frameworks";
				PRODUCT_NAME = "AUTTheming-OSXTests";
			};
			name = Debug;
		};
		3A406CE81AC9B87600615428 /* Release */ = {
			isa = XCBuildConfiguration;
			baseConfigurationReference = 3A179E321AC9AE6000BD598C /* Mac-Application.xcconfig */;
			buildSettings = {
				INFOPLIST_FILE = AUTThemingTests/Info.plist;
				LD_RUNPATH_SEARCH_PATHS = "$(inherited) @executable_path/Frameworks @loader_path/Frameworks";
				PRODUCT_NAME = "AUTTheming-OSXTests";
			};
			name = Release;
		};
		3A79EC741AC9147E000CCC01 /* Debug */ = {
			isa = XCBuildConfiguration;
			baseConfigurationReference = 3A179E241AC9AE6000BD598C /* Debug.xcconfig */;
			buildSettings = {
				CURRENT_PROJECT_VERSION = 1;
				GCC_GENERATE_TEST_COVERAGE_FILES = YES;
				GCC_INSTRUMENT_PROGRAM_FLOW_ARCS = YES;
				IPHONEOS_DEPLOYMENT_TARGET = 8.0;
				MACOSX_DEPLOYMENT_TARGET = 10.8;
				MTL_ENABLE_DEBUG_INFO = YES;
				ONLY_ACTIVE_ARCH = YES;
				PRODUCT_NAME = AUTTheming;
				TARGETED_DEVICE_FAMILY = "1,2";
				VERSIONING_SYSTEM = "apple-generic";
				VERSION_INFO_PREFIX = "";
			};
			name = Debug;
		};
		3A79EC751AC9147E000CCC01 /* Release */ = {
			isa = XCBuildConfiguration;
			baseConfigurationReference = 3A179E261AC9AE6000BD598C /* Release.xcconfig */;
			buildSettings = {
				CURRENT_PROJECT_VERSION = 1;
				GCC_GENERATE_TEST_COVERAGE_FILES = YES;
				GCC_INSTRUMENT_PROGRAM_FLOW_ARCS = YES;
				IPHONEOS_DEPLOYMENT_TARGET = 8.0;
				MACOSX_DEPLOYMENT_TARGET = 10.8;
				MTL_ENABLE_DEBUG_INFO = NO;
				PRODUCT_NAME = AUTTheming;
				TARGETED_DEVICE_FAMILY = "1,2";
				VERSIONING_SYSTEM = "apple-generic";
				VERSION_INFO_PREFIX = "";
			};
			name = Release;
		};
		3A79EC771AC9147E000CCC01 /* Debug */ = {
			isa = XCBuildConfiguration;
			baseConfigurationReference = 3A179E2F1AC9AE6000BD598C /* iOS-Framework.xcconfig */;
			buildSettings = {
				CODE_SIGN_IDENTITY = "iPhone Developer";
				DEFINES_MODULE = YES;
				DYLIB_COMPATIBILITY_VERSION = 1;
				DYLIB_CURRENT_VERSION = 1;
				INFOPLIST_FILE = AUTTheming/Info.plist;
				INSTALL_PATH = "$(LOCAL_LIBRARY_DIR)/Frameworks";
				SKIP_INSTALL = YES;
			};
			name = Debug;
		};
		3A79EC781AC9147E000CCC01 /* Release */ = {
			isa = XCBuildConfiguration;
			baseConfigurationReference = 3A179E2F1AC9AE6000BD598C /* iOS-Framework.xcconfig */;
			buildSettings = {
				CODE_SIGN_IDENTITY = "iPhone Developer";
				DEFINES_MODULE = YES;
				DYLIB_COMPATIBILITY_VERSION = 1;
				DYLIB_CURRENT_VERSION = 1;
				INFOPLIST_FILE = AUTTheming/Info.plist;
				INSTALL_PATH = "$(LOCAL_LIBRARY_DIR)/Frameworks";
				SKIP_INSTALL = YES;
			};
			name = Release;
		};
		3A79EC7A1AC9147E000CCC01 /* Debug */ = {
			isa = XCBuildConfiguration;
			baseConfigurationReference = 3A179E2D1AC9AE6000BD598C /* iOS-Application.xcconfig */;
			buildSettings = {
				CODE_SIGN_IDENTITY = "iPhone Developer";
				FRAMEWORK_SEARCH_PATHS = (
					"$(SDKROOT)/Developer/Library/Frameworks",
					"$(inherited)",
				);
				GCC_PREPROCESSOR_DEFINITIONS = (
					"DEBUG=1",
					"$(inherited)",
				);
				INFOPLIST_FILE = AUTThemingTests/Info.plist;
				LD_RUNPATH_SEARCH_PATHS = "$(inherited) @executable_path/Frameworks @loader_path/Frameworks";
				PRODUCT_NAME = "$(TARGET_NAME)";
			};
			name = Debug;
		};
		3A79EC7B1AC9147E000CCC01 /* Release */ = {
			isa = XCBuildConfiguration;
			baseConfigurationReference = 3A179E2D1AC9AE6000BD598C /* iOS-Application.xcconfig */;
			buildSettings = {
				CODE_SIGN_IDENTITY = "iPhone Developer";
				FRAMEWORK_SEARCH_PATHS = (
					"$(SDKROOT)/Developer/Library/Frameworks",
					"$(inherited)",
				);
				INFOPLIST_FILE = AUTThemingTests/Info.plist;
				LD_RUNPATH_SEARCH_PATHS = "$(inherited) @executable_path/Frameworks @loader_path/Frameworks";
				PRODUCT_NAME = "$(TARGET_NAME)";
			};
			name = Release;
		};
/* End XCBuildConfiguration section */

/* Begin XCConfigurationList section */
		3A179DC41AC9483900BD598C /* Build configuration list for PBXNativeTarget "AUTTheming-OSX" */ = {
			isa = XCConfigurationList;
			buildConfigurations = (
				3A179DC51AC9483900BD598C /* Debug */,
				3A179DC61AC9483900BD598C /* Release */,
			);
			defaultConfigurationIsVisible = 0;
			defaultConfigurationName = Release;
		};
		3A406CE61AC9B87600615428 /* Build configuration list for PBXNativeTarget "AUTTheming-OSXTests" */ = {
			isa = XCConfigurationList;
			buildConfigurations = (
				3A406CE71AC9B87600615428 /* Debug */,
				3A406CE81AC9B87600615428 /* Release */,
			);
			defaultConfigurationIsVisible = 0;
			defaultConfigurationName = Release;
		};
		3A79EC5A1AC9147E000CCC01 /* Build configuration list for PBXProject "AUTTheming" */ = {
			isa = XCConfigurationList;
			buildConfigurations = (
				3A79EC741AC9147E000CCC01 /* Debug */,
				3A79EC751AC9147E000CCC01 /* Release */,
			);
			defaultConfigurationIsVisible = 0;
			defaultConfigurationName = Release;
		};
		3A79EC761AC9147E000CCC01 /* Build configuration list for PBXNativeTarget "AUTTheming-iOS" */ = {
			isa = XCConfigurationList;
			buildConfigurations = (
				3A79EC771AC9147E000CCC01 /* Debug */,
				3A79EC781AC9147E000CCC01 /* Release */,
			);
			defaultConfigurationIsVisible = 0;
			defaultConfigurationName = Release;
		};
		3A79EC791AC9147E000CCC01 /* Build configuration list for PBXNativeTarget "AUTTheming-iOSTests" */ = {
			isa = XCConfigurationList;
			buildConfigurations = (
				3A79EC7A1AC9147E000CCC01 /* Debug */,
				3A79EC7B1AC9147E000CCC01 /* Release */,
			);
			defaultConfigurationIsVisible = 0;
			defaultConfigurationName = Release;
		};
/* End XCConfigurationList section */
	};
	rootObject = 3A79EC571AC9147E000CCC01 /* Project object */;
}
